// !$*UTF8*$!
{
	archiveVersion = 1;
	classes = {
	};
	objectVersion = 56;
	objects = {

/* Begin PBXBuildFile section */
		EE07558F2A7E84D400E34D29 /* FormatterHelper.swift in Sources */ = {isa = PBXBuildFile; fileRef = EE07558E2A7E84D400E34D29 /* FormatterHelper.swift */; };
		EE0939E72A7EA838005491BB /* RectangleText.swift in Sources */ = {isa = PBXBuildFile; fileRef = EE0939E62A7EA838005491BB /* RectangleText.swift */; };
		EE34F0762A7C7D8300CA5BD0 /* InstantMetronomeView.swift in Sources */ = {isa = PBXBuildFile; fileRef = EE34F0752A7C7D8300CA5BD0 /* InstantMetronomeView.swift */; };
		EE84F2F52A7C7A21009E2F23 /* beatclikrApp.swift in Sources */ = {isa = PBXBuildFile; fileRef = EE84F2F42A7C7A21009E2F23 /* beatclikrApp.swift */; };
		EE84F2F72A7C7A21009E2F23 /* LibraryView.swift in Sources */ = {isa = PBXBuildFile; fileRef = EE84F2F62A7C7A21009E2F23 /* LibraryView.swift */; };
		EE84F2F92A7C7A21009E2F23 /* Song.swift in Sources */ = {isa = PBXBuildFile; fileRef = EE84F2F82A7C7A21009E2F23 /* Song.swift */; };
		EE84F2FB2A7C7A23009E2F23 /* Assets.xcassets in Resources */ = {isa = PBXBuildFile; fileRef = EE84F2FA2A7C7A23009E2F23 /* Assets.xcassets */; };
		EE84F2FE2A7C7A23009E2F23 /* Preview Assets.xcassets in Resources */ = {isa = PBXBuildFile; fileRef = EE84F2FD2A7C7A23009E2F23 /* Preview Assets.xcassets */; };
		EE84F30A2A7C7A23009E2F23 /* beatclikrTests.swift in Sources */ = {isa = PBXBuildFile; fileRef = EE84F3092A7C7A23009E2F23 /* beatclikrTests.swift */; };
		EE84F3142A7C7A24009E2F23 /* beatclikrUITests.swift in Sources */ = {isa = PBXBuildFile; fileRef = EE84F3132A7C7A24009E2F23 /* beatclikrUITests.swift */; };
		EE84F3162A7C7A24009E2F23 /* beatclikrUITestsLaunchTests.swift in Sources */ = {isa = PBXBuildFile; fileRef = EE84F3152A7C7A24009E2F23 /* beatclikrUITestsLaunchTests.swift */; };
		EE97D59C2A7E7C3200FA11A0 /* SongLibraryViewModel.swift in Sources */ = {isa = PBXBuildFile; fileRef = EE97D59B2A7E7C3200FA11A0 /* SongLibraryViewModel.swift */; };
		EE97D5A12A7E7EB900FA11A0 /* SongDetailsView.swift in Sources */ = {isa = PBXBuildFile; fileRef = EE97D5A02A7E7EB900FA11A0 /* SongDetailsView.swift */; };
		EEE911412A7EDCB1008DFDED /* tamb.wav in Resources */ = {isa = PBXBuildFile; fileRef = EEE911312A7EDCB1008DFDED /* tamb.wav */; };
		EEE911422A7EDCB1008DFDED /* hatopen.wav in Resources */ = {isa = PBXBuildFile; fileRef = EEE911322A7EDCB1008DFDED /* hatopen.wav */; };
		EEE911432A7EDCB1008DFDED /* kick.wav in Resources */ = {isa = PBXBuildFile; fileRef = EEE911332A7EDCB1008DFDED /* kick.wav */; };
		EEE911442A7EDCB1008DFDED /* ride.wav in Resources */ = {isa = PBXBuildFile; fileRef = EEE911342A7EDCB1008DFDED /* ride.wav */; };
		EEE911452A7EDCB1008DFDED /* hatclosed.wav in Resources */ = {isa = PBXBuildFile; fileRef = EEE911352A7EDCB1008DFDED /* hatclosed.wav */; };
		EEE911462A7EDCB1008DFDED /* clickhi.wav in Resources */ = {isa = PBXBuildFile; fileRef = EEE911362A7EDCB1008DFDED /* clickhi.wav */; };
		EEE911472A7EDCB1008DFDED /* silence.wav in Resources */ = {isa = PBXBuildFile; fileRef = EEE911372A7EDCB1008DFDED /* silence.wav */; };
		EEE911482A7EDCB1008DFDED /* clicklo.wav in Resources */ = {isa = PBXBuildFile; fileRef = EEE911382A7EDCB1008DFDED /* clicklo.wav */; };
		EEE911492A7EDCB1008DFDED /* crashr.wav in Resources */ = {isa = PBXBuildFile; fileRef = EEE911392A7EDCB1008DFDED /* crashr.wav */; };
		EEE9114A2A7EDCB1008DFDED /* crashl.wav in Resources */ = {isa = PBXBuildFile; fileRef = EEE9113A2A7EDCB1008DFDED /* crashl.wav */; };
		EEE9114B2A7EDCB1008DFDED /* tommid.wav in Resources */ = {isa = PBXBuildFile; fileRef = EEE9113B2A7EDCB1008DFDED /* tommid.wav */; };
		EEE9114C2A7EDCB1008DFDED /* tomhi.wav in Resources */ = {isa = PBXBuildFile; fileRef = EEE9113C2A7EDCB1008DFDED /* tomhi.wav */; };
		EEE9114D2A7EDCB1008DFDED /* tomlow.wav in Resources */ = {isa = PBXBuildFile; fileRef = EEE9113D2A7EDCB1008DFDED /* tomlow.wav */; };
		EEE9114E2A7EDCB1008DFDED /* ridebell.wav in Resources */ = {isa = PBXBuildFile; fileRef = EEE9113E2A7EDCB1008DFDED /* ridebell.wav */; };
		EEE9114F2A7EDCB1008DFDED /* snare.wav in Resources */ = {isa = PBXBuildFile; fileRef = EEE9113F2A7EDCB1008DFDED /* snare.wav */; };
		EEE911502A7EDCB1008DFDED /* cowbell.wav in Resources */ = {isa = PBXBuildFile; fileRef = EEE911402A7EDCB1008DFDED /* cowbell.wav */; };
		EEE911532A7EDE07008DFDED /* FileConstants.swift in Sources */ = {isa = PBXBuildFile; fileRef = EEE911522A7EDE07008DFDED /* FileConstants.swift */; };
		EEE911552A7EDEDC008DFDED /* PreferenceKeys.swift in Sources */ = {isa = PBXBuildFile; fileRef = EEE911542A7EDEDC008DFDED /* PreferenceKeys.swift */; };
/* End PBXBuildFile section */

/* Begin PBXContainerItemProxy section */
		EE84F3062A7C7A23009E2F23 /* PBXContainerItemProxy */ = {
			isa = PBXContainerItemProxy;
			containerPortal = EE84F2E92A7C7A21009E2F23 /* Project object */;
			proxyType = 1;
			remoteGlobalIDString = EE84F2F02A7C7A21009E2F23;
			remoteInfo = beatclikr;
		};
		EE84F3102A7C7A24009E2F23 /* PBXContainerItemProxy */ = {
			isa = PBXContainerItemProxy;
			containerPortal = EE84F2E92A7C7A21009E2F23 /* Project object */;
			proxyType = 1;
			remoteGlobalIDString = EE84F2F02A7C7A21009E2F23;
			remoteInfo = beatclikr;
		};
/* End PBXContainerItemProxy section */

/* Begin PBXFileReference section */
		EE07558E2A7E84D400E34D29 /* FormatterHelper.swift */ = {isa = PBXFileReference; lastKnownFileType = sourcecode.swift; path = FormatterHelper.swift; sourceTree = "<group>"; };
		EE0939E62A7EA838005491BB /* RectangleText.swift */ = {isa = PBXFileReference; lastKnownFileType = sourcecode.swift; path = RectangleText.swift; sourceTree = "<group>"; };
		EE34F0752A7C7D8300CA5BD0 /* InstantMetronomeView.swift */ = {isa = PBXFileReference; lastKnownFileType = sourcecode.swift; path = InstantMetronomeView.swift; sourceTree = "<group>"; };
		EE84F2F12A7C7A21009E2F23 /* beatclikr.app */ = {isa = PBXFileReference; explicitFileType = wrapper.application; includeInIndex = 0; path = beatclikr.app; sourceTree = BUILT_PRODUCTS_DIR; };
		EE84F2F42A7C7A21009E2F23 /* beatclikrApp.swift */ = {isa = PBXFileReference; lastKnownFileType = sourcecode.swift; path = beatclikrApp.swift; sourceTree = "<group>"; };
		EE84F2F62A7C7A21009E2F23 /* LibraryView.swift */ = {isa = PBXFileReference; lastKnownFileType = sourcecode.swift; path = LibraryView.swift; sourceTree = "<group>"; };
		EE84F2F82A7C7A21009E2F23 /* Song.swift */ = {isa = PBXFileReference; lastKnownFileType = sourcecode.swift; path = Song.swift; sourceTree = "<group>"; };
		EE84F2FA2A7C7A23009E2F23 /* Assets.xcassets */ = {isa = PBXFileReference; lastKnownFileType = folder.assetcatalog; path = Assets.xcassets; sourceTree = "<group>"; };
		EE84F2FD2A7C7A23009E2F23 /* Preview Assets.xcassets */ = {isa = PBXFileReference; lastKnownFileType = folder.assetcatalog; path = "Preview Assets.xcassets"; sourceTree = "<group>"; };
		EE84F2FF2A7C7A23009E2F23 /* beatclikr.entitlements */ = {isa = PBXFileReference; lastKnownFileType = text.plist.entitlements; path = beatclikr.entitlements; sourceTree = "<group>"; };
		EE84F3002A7C7A23009E2F23 /* Info.plist */ = {isa = PBXFileReference; lastKnownFileType = text.plist.xml; path = Info.plist; sourceTree = "<group>"; };
		EE84F3052A7C7A23009E2F23 /* beatclikrTests.xctest */ = {isa = PBXFileReference; explicitFileType = wrapper.cfbundle; includeInIndex = 0; path = beatclikrTests.xctest; sourceTree = BUILT_PRODUCTS_DIR; };
		EE84F3092A7C7A23009E2F23 /* beatclikrTests.swift */ = {isa = PBXFileReference; lastKnownFileType = sourcecode.swift; path = beatclikrTests.swift; sourceTree = "<group>"; };
		EE84F30F2A7C7A24009E2F23 /* beatclikrUITests.xctest */ = {isa = PBXFileReference; explicitFileType = wrapper.cfbundle; includeInIndex = 0; path = beatclikrUITests.xctest; sourceTree = BUILT_PRODUCTS_DIR; };
		EE84F3132A7C7A24009E2F23 /* beatclikrUITests.swift */ = {isa = PBXFileReference; lastKnownFileType = sourcecode.swift; path = beatclikrUITests.swift; sourceTree = "<group>"; };
		EE84F3152A7C7A24009E2F23 /* beatclikrUITestsLaunchTests.swift */ = {isa = PBXFileReference; lastKnownFileType = sourcecode.swift; path = beatclikrUITestsLaunchTests.swift; sourceTree = "<group>"; };
		EE97D59B2A7E7C3200FA11A0 /* SongLibraryViewModel.swift */ = {isa = PBXFileReference; lastKnownFileType = sourcecode.swift; path = SongLibraryViewModel.swift; sourceTree = "<group>"; };
		EE97D5A02A7E7EB900FA11A0 /* SongDetailsView.swift */ = {isa = PBXFileReference; lastKnownFileType = sourcecode.swift; path = SongDetailsView.swift; sourceTree = "<group>"; };
		EEE911312A7EDCB1008DFDED /* tamb.wav */ = {isa = PBXFileReference; lastKnownFileType = audio.wav; path = tamb.wav; sourceTree = "<group>"; };
		EEE911322A7EDCB1008DFDED /* hatopen.wav */ = {isa = PBXFileReference; lastKnownFileType = audio.wav; path = hatopen.wav; sourceTree = "<group>"; };
		EEE911332A7EDCB1008DFDED /* kick.wav */ = {isa = PBXFileReference; lastKnownFileType = audio.wav; path = kick.wav; sourceTree = "<group>"; };
		EEE911342A7EDCB1008DFDED /* ride.wav */ = {isa = PBXFileReference; lastKnownFileType = audio.wav; path = ride.wav; sourceTree = "<group>"; };
		EEE911352A7EDCB1008DFDED /* hatclosed.wav */ = {isa = PBXFileReference; lastKnownFileType = audio.wav; path = hatclosed.wav; sourceTree = "<group>"; };
		EEE911362A7EDCB1008DFDED /* clickhi.wav */ = {isa = PBXFileReference; lastKnownFileType = audio.wav; path = clickhi.wav; sourceTree = "<group>"; };
		EEE911372A7EDCB1008DFDED /* silence.wav */ = {isa = PBXFileReference; lastKnownFileType = audio.wav; path = silence.wav; sourceTree = "<group>"; };
		EEE911382A7EDCB1008DFDED /* clicklo.wav */ = {isa = PBXFileReference; lastKnownFileType = audio.wav; path = clicklo.wav; sourceTree = "<group>"; };
		EEE911392A7EDCB1008DFDED /* crashr.wav */ = {isa = PBXFileReference; lastKnownFileType = audio.wav; path = crashr.wav; sourceTree = "<group>"; };
		EEE9113A2A7EDCB1008DFDED /* crashl.wav */ = {isa = PBXFileReference; lastKnownFileType = audio.wav; path = crashl.wav; sourceTree = "<group>"; };
		EEE9113B2A7EDCB1008DFDED /* tommid.wav */ = {isa = PBXFileReference; lastKnownFileType = audio.wav; path = tommid.wav; sourceTree = "<group>"; };
		EEE9113C2A7EDCB1008DFDED /* tomhi.wav */ = {isa = PBXFileReference; lastKnownFileType = audio.wav; path = tomhi.wav; sourceTree = "<group>"; };
		EEE9113D2A7EDCB1008DFDED /* tomlow.wav */ = {isa = PBXFileReference; lastKnownFileType = audio.wav; path = tomlow.wav; sourceTree = "<group>"; };
		EEE9113E2A7EDCB1008DFDED /* ridebell.wav */ = {isa = PBXFileReference; lastKnownFileType = audio.wav; path = ridebell.wav; sourceTree = "<group>"; };
		EEE9113F2A7EDCB1008DFDED /* snare.wav */ = {isa = PBXFileReference; lastKnownFileType = audio.wav; path = snare.wav; sourceTree = "<group>"; };
		EEE911402A7EDCB1008DFDED /* cowbell.wav */ = {isa = PBXFileReference; lastKnownFileType = audio.wav; path = cowbell.wav; sourceTree = "<group>"; };
		EEE911522A7EDE07008DFDED /* FileConstants.swift */ = {isa = PBXFileReference; lastKnownFileType = sourcecode.swift; path = FileConstants.swift; sourceTree = "<group>"; };
		EEE911542A7EDEDC008DFDED /* PreferenceKeys.swift */ = {isa = PBXFileReference; lastKnownFileType = sourcecode.swift; path = PreferenceKeys.swift; sourceTree = "<group>"; };
/* End PBXFileReference section */

/* Begin PBXFrameworksBuildPhase section */
		EE84F2EE2A7C7A21009E2F23 /* Frameworks */ = {
			isa = PBXFrameworksBuildPhase;
			buildActionMask = 2147483647;
			files = (
			);
			runOnlyForDeploymentPostprocessing = 0;
		};
		EE84F3022A7C7A23009E2F23 /* Frameworks */ = {
			isa = PBXFrameworksBuildPhase;
			buildActionMask = 2147483647;
			files = (
			);
			runOnlyForDeploymentPostprocessing = 0;
		};
		EE84F30C2A7C7A24009E2F23 /* Frameworks */ = {
			isa = PBXFrameworksBuildPhase;
			buildActionMask = 2147483647;
			files = (
			);
			runOnlyForDeploymentPostprocessing = 0;
		};
/* End PBXFrameworksBuildPhase section */

/* Begin PBXGroup section */
		EE0939E52A7EA825005491BB /* CustomViews */ = {
			isa = PBXGroup;
			children = (
				EE0939E62A7EA838005491BB /* RectangleText.swift */,
			);
			path = CustomViews;
			sourceTree = "<group>";
		};
		EE84F2E82A7C7A21009E2F23 = {
			isa = PBXGroup;
			children = (
				EE84F2F32A7C7A21009E2F23 /* beatclikr */,
				EE84F3082A7C7A23009E2F23 /* beatclikrTests */,
				EE84F3122A7C7A24009E2F23 /* beatclikrUITests */,
				EE84F2F22A7C7A21009E2F23 /* Products */,
			);
			sourceTree = "<group>";
		};
		EE84F2F22A7C7A21009E2F23 /* Products */ = {
			isa = PBXGroup;
			children = (
				EE84F2F12A7C7A21009E2F23 /* beatclikr.app */,
				EE84F3052A7C7A23009E2F23 /* beatclikrTests.xctest */,
				EE84F30F2A7C7A24009E2F23 /* beatclikrUITests.xctest */,
			);
			name = Products;
			sourceTree = "<group>";
		};
		EE84F2F32A7C7A21009E2F23 /* beatclikr */ = {
			isa = PBXGroup;
			children = (
				EEE911512A7EDDF5008DFDED /* Constants */,
				EEE9112F2A7EDC89008DFDED /* Resources */,
				EE0939E52A7EA825005491BB /* CustomViews */,
				EE97D59F2A7E7C8900FA11A0 /* Helpers */,
				EE84F3222A7C7A45009E2F23 /* Model */,
				EE84F3242A7C7A50009E2F23 /* ViewModel */,
				EE84F3232A7C7A4D009E2F23 /* View */,
				EE84F3252A7C7A55009E2F23 /* Services */,
				EE84F2F42A7C7A21009E2F23 /* beatclikrApp.swift */,
				EE84F2FA2A7C7A23009E2F23 /* Assets.xcassets */,
				EE84F2FF2A7C7A23009E2F23 /* beatclikr.entitlements */,
				EE84F3002A7C7A23009E2F23 /* Info.plist */,
				EE84F2FC2A7C7A23009E2F23 /* Preview Content */,
			);
			path = beatclikr;
			sourceTree = "<group>";
		};
		EE84F2FC2A7C7A23009E2F23 /* Preview Content */ = {
			isa = PBXGroup;
			children = (
				EE84F2FD2A7C7A23009E2F23 /* Preview Assets.xcassets */,
			);
			path = "Preview Content";
			sourceTree = "<group>";
		};
		EE84F3082A7C7A23009E2F23 /* beatclikrTests */ = {
			isa = PBXGroup;
			children = (
				EE84F3092A7C7A23009E2F23 /* beatclikrTests.swift */,
			);
			path = beatclikrTests;
			sourceTree = "<group>";
		};
		EE84F3122A7C7A24009E2F23 /* beatclikrUITests */ = {
			isa = PBXGroup;
			children = (
				EE84F3132A7C7A24009E2F23 /* beatclikrUITests.swift */,
				EE84F3152A7C7A24009E2F23 /* beatclikrUITestsLaunchTests.swift */,
			);
			path = beatclikrUITests;
			sourceTree = "<group>";
		};
		EE84F3222A7C7A45009E2F23 /* Model */ = {
			isa = PBXGroup;
			children = (
				EE84F2F82A7C7A21009E2F23 /* Song.swift */,
			);
			path = Model;
			sourceTree = "<group>";
		};
		EE84F3232A7C7A4D009E2F23 /* View */ = {
			isa = PBXGroup;
			children = (
				EE84F2F62A7C7A21009E2F23 /* LibraryView.swift */,
				EE34F0752A7C7D8300CA5BD0 /* InstantMetronomeView.swift */,
				EE97D5A02A7E7EB900FA11A0 /* SongDetailsView.swift */,
			);
			path = View;
			sourceTree = "<group>";
		};
		EE84F3242A7C7A50009E2F23 /* ViewModel */ = {
			isa = PBXGroup;
			children = (
				EE97D59B2A7E7C3200FA11A0 /* SongLibraryViewModel.swift */,
			);
			path = ViewModel;
			sourceTree = "<group>";
		};
		EE84F3252A7C7A55009E2F23 /* Services */ = {
			isa = PBXGroup;
			children = (
			);
			path = Services;
			sourceTree = "<group>";
		};
		EE97D59F2A7E7C8900FA11A0 /* Helpers */ = {
			isa = PBXGroup;
			children = (
				EE07558E2A7E84D400E34D29 /* FormatterHelper.swift */,
			);
			path = Helpers;
			sourceTree = "<group>";
		};
		EEE9112F2A7EDC89008DFDED /* Resources */ = {
			isa = PBXGroup;
			children = (
				EEE911572A7EDF68008DFDED /* Fonts */,
				EEE911302A7EDC94008DFDED /* Sounds */,
			);
			path = Resources;
			sourceTree = "<group>";
		};
		EEE911302A7EDC94008DFDED /* Sounds */ = {
			isa = PBXGroup;
			children = (
				EEE911362A7EDCB1008DFDED /* clickhi.wav */,
				EEE911382A7EDCB1008DFDED /* clicklo.wav */,
				EEE911402A7EDCB1008DFDED /* cowbell.wav */,
				EEE9113A2A7EDCB1008DFDED /* crashl.wav */,
				EEE911392A7EDCB1008DFDED /* crashr.wav */,
				EEE911352A7EDCB1008DFDED /* hatclosed.wav */,
				EEE911322A7EDCB1008DFDED /* hatopen.wav */,
				EEE911332A7EDCB1008DFDED /* kick.wav */,
				EEE911342A7EDCB1008DFDED /* ride.wav */,
				EEE9113E2A7EDCB1008DFDED /* ridebell.wav */,
				EEE911372A7EDCB1008DFDED /* silence.wav */,
				EEE9113F2A7EDCB1008DFDED /* snare.wav */,
				EEE911312A7EDCB1008DFDED /* tamb.wav */,
				EEE9113C2A7EDCB1008DFDED /* tomhi.wav */,
				EEE9113D2A7EDCB1008DFDED /* tomlow.wav */,
				EEE9113B2A7EDCB1008DFDED /* tommid.wav */,
			);
			path = Sounds;
			sourceTree = "<group>";
		};
		EEE911512A7EDDF5008DFDED /* Constants */ = {
			isa = PBXGroup;
			children = (
				EEE911522A7EDE07008DFDED /* FileConstants.swift */,
				EEE911542A7EDEDC008DFDED /* PreferenceKeys.swift */,
			);
			path = Constants;
			sourceTree = "<group>";
		};
		EEE911572A7EDF68008DFDED /* Fonts */ = {
			isa = PBXGroup;
			children = (
			);
			path = Fonts;
			sourceTree = "<group>";
		};
/* End PBXGroup section */

/* Begin PBXNativeTarget section */
		EE84F2F02A7C7A21009E2F23 /* beatclikr */ = {
			isa = PBXNativeTarget;
			buildConfigurationList = EE84F3192A7C7A24009E2F23 /* Build configuration list for PBXNativeTarget "beatclikr" */;
			buildPhases = (
				EE84F2ED2A7C7A21009E2F23 /* Sources */,
				EE84F2EE2A7C7A21009E2F23 /* Frameworks */,
				EE84F2EF2A7C7A21009E2F23 /* Resources */,
			);
			buildRules = (
			);
			dependencies = (
			);
			name = beatclikr;
			productName = beatclikr;
			productReference = EE84F2F12A7C7A21009E2F23 /* beatclikr.app */;
			productType = "com.apple.product-type.application";
		};
		EE84F3042A7C7A23009E2F23 /* beatclikrTests */ = {
			isa = PBXNativeTarget;
			buildConfigurationList = EE84F31C2A7C7A24009E2F23 /* Build configuration list for PBXNativeTarget "beatclikrTests" */;
			buildPhases = (
				EE84F3012A7C7A23009E2F23 /* Sources */,
				EE84F3022A7C7A23009E2F23 /* Frameworks */,
				EE84F3032A7C7A23009E2F23 /* Resources */,
			);
			buildRules = (
			);
			dependencies = (
				EE84F3072A7C7A23009E2F23 /* PBXTargetDependency */,
			);
			name = beatclikrTests;
			productName = beatclikrTests;
			productReference = EE84F3052A7C7A23009E2F23 /* beatclikrTests.xctest */;
			productType = "com.apple.product-type.bundle.unit-test";
		};
		EE84F30E2A7C7A24009E2F23 /* beatclikrUITests */ = {
			isa = PBXNativeTarget;
			buildConfigurationList = EE84F31F2A7C7A24009E2F23 /* Build configuration list for PBXNativeTarget "beatclikrUITests" */;
			buildPhases = (
				EE84F30B2A7C7A24009E2F23 /* Sources */,
				EE84F30C2A7C7A24009E2F23 /* Frameworks */,
				EE84F30D2A7C7A24009E2F23 /* Resources */,
			);
			buildRules = (
			);
			dependencies = (
				EE84F3112A7C7A24009E2F23 /* PBXTargetDependency */,
			);
			name = beatclikrUITests;
			productName = beatclikrUITests;
			productReference = EE84F30F2A7C7A24009E2F23 /* beatclikrUITests.xctest */;
			productType = "com.apple.product-type.bundle.ui-testing";
		};
/* End PBXNativeTarget section */

/* Begin PBXProject section */
		EE84F2E92A7C7A21009E2F23 /* Project object */ = {
			isa = PBXProject;
			attributes = {
				BuildIndependentTargetsInParallel = 1;
				LastSwiftUpdateCheck = 1500;
				LastUpgradeCheck = 1500;
				TargetAttributes = {
					EE84F2F02A7C7A21009E2F23 = {
						CreatedOnToolsVersion = 15.0;
					};
					EE84F3042A7C7A23009E2F23 = {
						CreatedOnToolsVersion = 15.0;
						TestTargetID = EE84F2F02A7C7A21009E2F23;
					};
					EE84F30E2A7C7A24009E2F23 = {
						CreatedOnToolsVersion = 15.0;
						TestTargetID = EE84F2F02A7C7A21009E2F23;
					};
				};
			};
			buildConfigurationList = EE84F2EC2A7C7A21009E2F23 /* Build configuration list for PBXProject "beatclikr" */;
			compatibilityVersion = "Xcode 14.0";
			developmentRegion = en;
			hasScannedForEncodings = 0;
			knownRegions = (
				en,
				Base,
			);
			mainGroup = EE84F2E82A7C7A21009E2F23;
			productRefGroup = EE84F2F22A7C7A21009E2F23 /* Products */;
			projectDirPath = "";
			projectRoot = "";
			targets = (
				EE84F2F02A7C7A21009E2F23 /* beatclikr */,
				EE84F3042A7C7A23009E2F23 /* beatclikrTests */,
				EE84F30E2A7C7A24009E2F23 /* beatclikrUITests */,
			);
		};
/* End PBXProject section */

/* Begin PBXResourcesBuildPhase section */
		EE84F2EF2A7C7A21009E2F23 /* Resources */ = {
			isa = PBXResourcesBuildPhase;
			buildActionMask = 2147483647;
			files = (
				EEE9114D2A7EDCB1008DFDED /* tomlow.wav in Resources */,
				EEE911472A7EDCB1008DFDED /* silence.wav in Resources */,
				EEE9114B2A7EDCB1008DFDED /* tommid.wav in Resources */,
				EEE911442A7EDCB1008DFDED /* ride.wav in Resources */,
				EEE911432A7EDCB1008DFDED /* kick.wav in Resources */,
				EEE9114A2A7EDCB1008DFDED /* crashl.wav in Resources */,
				EEE911452A7EDCB1008DFDED /* hatclosed.wav in Resources */,
				EEE911492A7EDCB1008DFDED /* crashr.wav in Resources */,
				EEE911412A7EDCB1008DFDED /* tamb.wav in Resources */,
				EEE9114C2A7EDCB1008DFDED /* tomhi.wav in Resources */,
				EE84F2FE2A7C7A23009E2F23 /* Preview Assets.xcassets in Resources */,
				EEE911502A7EDCB1008DFDED /* cowbell.wav in Resources */,
				EEE9114F2A7EDCB1008DFDED /* snare.wav in Resources */,
				EEE9114E2A7EDCB1008DFDED /* ridebell.wav in Resources */,
				EEE911482A7EDCB1008DFDED /* clicklo.wav in Resources */,
				EEE911422A7EDCB1008DFDED /* hatopen.wav in Resources */,
				EEE911462A7EDCB1008DFDED /* clickhi.wav in Resources */,
				EE84F2FB2A7C7A23009E2F23 /* Assets.xcassets in Resources */,
			);
			runOnlyForDeploymentPostprocessing = 0;
		};
		EE84F3032A7C7A23009E2F23 /* Resources */ = {
			isa = PBXResourcesBuildPhase;
			buildActionMask = 2147483647;
			files = (
			);
			runOnlyForDeploymentPostprocessing = 0;
		};
		EE84F30D2A7C7A24009E2F23 /* Resources */ = {
			isa = PBXResourcesBuildPhase;
			buildActionMask = 2147483647;
			files = (
			);
			runOnlyForDeploymentPostprocessing = 0;
		};
/* End PBXResourcesBuildPhase section */

/* Begin PBXSourcesBuildPhase section */
		EE84F2ED2A7C7A21009E2F23 /* Sources */ = {
			isa = PBXSourcesBuildPhase;
			buildActionMask = 2147483647;
			files = (
				EE97D5A12A7E7EB900FA11A0 /* SongDetailsView.swift in Sources */,
				EE84F2F72A7C7A21009E2F23 /* LibraryView.swift in Sources */,
				EEE911552A7EDEDC008DFDED /* PreferenceKeys.swift in Sources */,
				EE97D59C2A7E7C3200FA11A0 /* SongLibraryViewModel.swift in Sources */,
				EEE911532A7EDE07008DFDED /* FileConstants.swift in Sources */,
				EE07558F2A7E84D400E34D29 /* FormatterHelper.swift in Sources */,
				EE0939E72A7EA838005491BB /* RectangleText.swift in Sources */,
				EE84F2F92A7C7A21009E2F23 /* Song.swift in Sources */,
				EE84F2F52A7C7A21009E2F23 /* beatclikrApp.swift in Sources */,
				EE34F0762A7C7D8300CA5BD0 /* InstantMetronomeView.swift in Sources */,
			);
			runOnlyForDeploymentPostprocessing = 0;
		};
		EE84F3012A7C7A23009E2F23 /* Sources */ = {
			isa = PBXSourcesBuildPhase;
			buildActionMask = 2147483647;
			files = (
				EE84F30A2A7C7A23009E2F23 /* beatclikrTests.swift in Sources */,
			);
			runOnlyForDeploymentPostprocessing = 0;
		};
		EE84F30B2A7C7A24009E2F23 /* Sources */ = {
			isa = PBXSourcesBuildPhase;
			buildActionMask = 2147483647;
			files = (
				EE84F3162A7C7A24009E2F23 /* beatclikrUITestsLaunchTests.swift in Sources */,
				EE84F3142A7C7A24009E2F23 /* beatclikrUITests.swift in Sources */,
			);
			runOnlyForDeploymentPostprocessing = 0;
		};
/* End PBXSourcesBuildPhase section */

/* Begin PBXTargetDependency section */
		EE84F3072A7C7A23009E2F23 /* PBXTargetDependency */ = {
			isa = PBXTargetDependency;
			target = EE84F2F02A7C7A21009E2F23 /* beatclikr */;
			targetProxy = EE84F3062A7C7A23009E2F23 /* PBXContainerItemProxy */;
		};
		EE84F3112A7C7A24009E2F23 /* PBXTargetDependency */ = {
			isa = PBXTargetDependency;
			target = EE84F2F02A7C7A21009E2F23 /* beatclikr */;
			targetProxy = EE84F3102A7C7A24009E2F23 /* PBXContainerItemProxy */;
		};
/* End PBXTargetDependency section */

/* Begin XCBuildConfiguration section */
		EE84F3172A7C7A24009E2F23 /* Debug */ = {
			isa = XCBuildConfiguration;
			buildSettings = {
				ALWAYS_SEARCH_USER_PATHS = NO;
				ASSETCATALOG_COMPILER_GENERATE_SWIFT_ASSET_SYMBOL_EXTENSIONS = YES;
				CLANG_ANALYZER_NONNULL = YES;
				CLANG_ANALYZER_NUMBER_OBJECT_CONVERSION = YES_AGGRESSIVE;
				CLANG_CXX_LANGUAGE_STANDARD = "gnu++20";
				CLANG_ENABLE_MODULES = YES;
				CLANG_ENABLE_OBJC_ARC = YES;
				CLANG_ENABLE_OBJC_WEAK = YES;
				CLANG_WARN_BLOCK_CAPTURE_AUTORELEASING = YES;
				CLANG_WARN_BOOL_CONVERSION = YES;
				CLANG_WARN_COMMA = YES;
				CLANG_WARN_CONSTANT_CONVERSION = YES;
				CLANG_WARN_DEPRECATED_OBJC_IMPLEMENTATIONS = YES;
				CLANG_WARN_DIRECT_OBJC_ISA_USAGE = YES_ERROR;
				CLANG_WARN_DOCUMENTATION_COMMENTS = YES;
				CLANG_WARN_EMPTY_BODY = YES;
				CLANG_WARN_ENUM_CONVERSION = YES;
				CLANG_WARN_INFINITE_RECURSION = YES;
				CLANG_WARN_INT_CONVERSION = YES;
				CLANG_WARN_NON_LITERAL_NULL_CONVERSION = YES;
				CLANG_WARN_OBJC_IMPLICIT_RETAIN_SELF = YES;
				CLANG_WARN_OBJC_LITERAL_CONVERSION = YES;
				CLANG_WARN_OBJC_ROOT_CLASS = YES_ERROR;
				CLANG_WARN_QUOTED_INCLUDE_IN_FRAMEWORK_HEADER = YES;
				CLANG_WARN_RANGE_LOOP_ANALYSIS = YES;
				CLANG_WARN_STRICT_PROTOTYPES = YES;
				CLANG_WARN_SUSPICIOUS_MOVE = YES;
				CLANG_WARN_UNGUARDED_AVAILABILITY = YES_AGGRESSIVE;
				CLANG_WARN_UNREACHABLE_CODE = YES;
				CLANG_WARN__DUPLICATE_METHOD_MATCH = YES;
				COPY_PHASE_STRIP = NO;
				DEBUG_INFORMATION_FORMAT = dwarf;
				ENABLE_STRICT_OBJC_MSGSEND = YES;
				ENABLE_TESTABILITY = YES;
				ENABLE_USER_SCRIPT_SANDBOXING = YES;
				GCC_C_LANGUAGE_STANDARD = gnu17;
				GCC_DYNAMIC_NO_PIC = NO;
				GCC_NO_COMMON_BLOCKS = YES;
				GCC_OPTIMIZATION_LEVEL = 0;
				GCC_PREPROCESSOR_DEFINITIONS = (
					"DEBUG=1",
					"$(inherited)",
				);
				GCC_WARN_64_TO_32_BIT_CONVERSION = YES;
				GCC_WARN_ABOUT_RETURN_TYPE = YES_ERROR;
				GCC_WARN_UNDECLARED_SELECTOR = YES;
				GCC_WARN_UNINITIALIZED_AUTOS = YES_AGGRESSIVE;
				GCC_WARN_UNUSED_FUNCTION = YES;
				GCC_WARN_UNUSED_VARIABLE = YES;
				IPHONEOS_DEPLOYMENT_TARGET = 17.0;
				LOCALIZATION_PREFERS_STRING_CATALOGS = YES;
				MTL_ENABLE_DEBUG_INFO = INCLUDE_SOURCE;
				MTL_FAST_MATH = YES;
				ONLY_ACTIVE_ARCH = YES;
				SDKROOT = iphoneos;
				SWIFT_ACTIVE_COMPILATION_CONDITIONS = "DEBUG $(inherited)";
				SWIFT_OPTIMIZATION_LEVEL = "-Onone";
			};
			name = Debug;
		};
		EE84F3182A7C7A24009E2F23 /* Release */ = {
			isa = XCBuildConfiguration;
			buildSettings = {
				ALWAYS_SEARCH_USER_PATHS = NO;
				ASSETCATALOG_COMPILER_GENERATE_SWIFT_ASSET_SYMBOL_EXTENSIONS = YES;
				CLANG_ANALYZER_NONNULL = YES;
				CLANG_ANALYZER_NUMBER_OBJECT_CONVERSION = YES_AGGRESSIVE;
				CLANG_CXX_LANGUAGE_STANDARD = "gnu++20";
				CLANG_ENABLE_MODULES = YES;
				CLANG_ENABLE_OBJC_ARC = YES;
				CLANG_ENABLE_OBJC_WEAK = YES;
				CLANG_WARN_BLOCK_CAPTURE_AUTORELEASING = YES;
				CLANG_WARN_BOOL_CONVERSION = YES;
				CLANG_WARN_COMMA = YES;
				CLANG_WARN_CONSTANT_CONVERSION = YES;
				CLANG_WARN_DEPRECATED_OBJC_IMPLEMENTATIONS = YES;
				CLANG_WARN_DIRECT_OBJC_ISA_USAGE = YES_ERROR;
				CLANG_WARN_DOCUMENTATION_COMMENTS = YES;
				CLANG_WARN_EMPTY_BODY = YES;
				CLANG_WARN_ENUM_CONVERSION = YES;
				CLANG_WARN_INFINITE_RECURSION = YES;
				CLANG_WARN_INT_CONVERSION = YES;
				CLANG_WARN_NON_LITERAL_NULL_CONVERSION = YES;
				CLANG_WARN_OBJC_IMPLICIT_RETAIN_SELF = YES;
				CLANG_WARN_OBJC_LITERAL_CONVERSION = YES;
				CLANG_WARN_OBJC_ROOT_CLASS = YES_ERROR;
				CLANG_WARN_QUOTED_INCLUDE_IN_FRAMEWORK_HEADER = YES;
				CLANG_WARN_RANGE_LOOP_ANALYSIS = YES;
				CLANG_WARN_STRICT_PROTOTYPES = YES;
				CLANG_WARN_SUSPICIOUS_MOVE = YES;
				CLANG_WARN_UNGUARDED_AVAILABILITY = YES_AGGRESSIVE;
				CLANG_WARN_UNREACHABLE_CODE = YES;
				CLANG_WARN__DUPLICATE_METHOD_MATCH = YES;
				COPY_PHASE_STRIP = NO;
				DEBUG_INFORMATION_FORMAT = "dwarf-with-dsym";
				ENABLE_NS_ASSERTIONS = NO;
				ENABLE_STRICT_OBJC_MSGSEND = YES;
				ENABLE_USER_SCRIPT_SANDBOXING = YES;
				GCC_C_LANGUAGE_STANDARD = gnu17;
				GCC_NO_COMMON_BLOCKS = YES;
				GCC_WARN_64_TO_32_BIT_CONVERSION = YES;
				GCC_WARN_ABOUT_RETURN_TYPE = YES_ERROR;
				GCC_WARN_UNDECLARED_SELECTOR = YES;
				GCC_WARN_UNINITIALIZED_AUTOS = YES_AGGRESSIVE;
				GCC_WARN_UNUSED_FUNCTION = YES;
				GCC_WARN_UNUSED_VARIABLE = YES;
				IPHONEOS_DEPLOYMENT_TARGET = 17.0;
				LOCALIZATION_PREFERS_STRING_CATALOGS = YES;
				MTL_ENABLE_DEBUG_INFO = NO;
				MTL_FAST_MATH = YES;
				SDKROOT = iphoneos;
				SWIFT_COMPILATION_MODE = wholemodule;
				VALIDATE_PRODUCT = YES;
			};
			name = Release;
		};
		EE84F31A2A7C7A24009E2F23 /* Debug */ = {
			isa = XCBuildConfiguration;
			buildSettings = {
				ASSETCATALOG_COMPILER_APPICON_NAME = AppIcon;
				ASSETCATALOG_COMPILER_GLOBAL_ACCENT_COLOR_NAME = AccentColor;
				CODE_SIGN_ENTITLEMENTS = beatclikr/beatclikr.entitlements;
				CODE_SIGN_STYLE = Automatic;
				CURRENT_PROJECT_VERSION = 1;
				DEVELOPMENT_ASSET_PATHS = "\"beatclikr/Preview Content\"";
				DEVELOPMENT_TEAM = 4C4LJCSB2Q;
				ENABLE_PREVIEWS = YES;
				GENERATE_INFOPLIST_FILE = YES;
				INFOPLIST_FILE = beatclikr/Info.plist;
				INFOPLIST_KEY_UIApplicationSceneManifest_Generation = YES;
				INFOPLIST_KEY_UIApplicationSupportsIndirectInputEvents = YES;
				INFOPLIST_KEY_UILaunchScreen_Generation = YES;
				INFOPLIST_KEY_UISupportedInterfaceOrientations_iPad = "UIInterfaceOrientationPortrait UIInterfaceOrientationPortraitUpsideDown UIInterfaceOrientationLandscapeLeft UIInterfaceOrientationLandscapeRight";
				INFOPLIST_KEY_UISupportedInterfaceOrientations_iPhone = "UIInterfaceOrientationPortrait UIInterfaceOrientationLandscapeLeft UIInterfaceOrientationLandscapeRight";
				LD_RUNPATH_SEARCH_PATHS = (
					"$(inherited)",
					"@executable_path/Frameworks",
				);
				MARKETING_VERSION = 1.0;
				PRODUCT_BUNDLE_IDENTIFIER = com.bfunkstudios.beatclikr;
				PRODUCT_NAME = "$(TARGET_NAME)";
				SWIFT_EMIT_LOC_STRINGS = YES;
				SWIFT_VERSION = 5.0;
				TARGETED_DEVICE_FAMILY = "1,2";
			};
			name = Debug;
		};
		EE84F31B2A7C7A24009E2F23 /* Release */ = {
			isa = XCBuildConfiguration;
			buildSettings = {
				ASSETCATALOG_COMPILER_APPICON_NAME = AppIcon;
				ASSETCATALOG_COMPILER_GLOBAL_ACCENT_COLOR_NAME = AccentColor;
				CODE_SIGN_ENTITLEMENTS = beatclikr/beatclikr.entitlements;
				CODE_SIGN_STYLE = Automatic;
				CURRENT_PROJECT_VERSION = 1;
				DEVELOPMENT_ASSET_PATHS = "\"beatclikr/Preview Content\"";
				DEVELOPMENT_TEAM = 4C4LJCSB2Q;
				ENABLE_PREVIEWS = YES;
				GENERATE_INFOPLIST_FILE = YES;
				INFOPLIST_FILE = beatclikr/Info.plist;
				INFOPLIST_KEY_UIApplicationSceneManifest_Generation = YES;
				INFOPLIST_KEY_UIApplicationSupportsIndirectInputEvents = YES;
				INFOPLIST_KEY_UILaunchScreen_Generation = YES;
				INFOPLIST_KEY_UISupportedInterfaceOrientations_iPad = "UIInterfaceOrientationPortrait UIInterfaceOrientationPortraitUpsideDown UIInterfaceOrientationLandscapeLeft UIInterfaceOrientationLandscapeRight";
				INFOPLIST_KEY_UISupportedInterfaceOrientations_iPhone = "UIInterfaceOrientationPortrait UIInterfaceOrientationLandscapeLeft UIInterfaceOrientationLandscapeRight";
				LD_RUNPATH_SEARCH_PATHS = (
					"$(inherited)",
					"@executable_path/Frameworks",
				);
				MARKETING_VERSION = 1.0;
				PRODUCT_BUNDLE_IDENTIFIER = com.bfunkstudios.beatclikr;
				PRODUCT_NAME = "$(TARGET_NAME)";
				SWIFT_EMIT_LOC_STRINGS = YES;
				SWIFT_VERSION = 5.0;
				TARGETED_DEVICE_FAMILY = "1,2";
			};
			name = Release;
		};
		EE84F31D2A7C7A24009E2F23 /* Debug */ = {
			isa = XCBuildConfiguration;
			buildSettings = {
				ALWAYS_EMBED_SWIFT_STANDARD_LIBRARIES = YES;
				BUNDLE_LOADER = "$(TEST_HOST)";
				CODE_SIGN_STYLE = Automatic;
				CURRENT_PROJECT_VERSION = 1;
				DEVELOPMENT_TEAM = 4C4LJCSB2Q;
				GENERATE_INFOPLIST_FILE = YES;
				IPHONEOS_DEPLOYMENT_TARGET = 17.0;
				MARKETING_VERSION = 1.0;
				PRODUCT_BUNDLE_IDENTIFIER = com.bfunkstudios.beatclikrTests;
				PRODUCT_NAME = "$(TARGET_NAME)";
				SWIFT_EMIT_LOC_STRINGS = NO;
				SWIFT_VERSION = 5.0;
				TARGETED_DEVICE_FAMILY = "1,2";
				TEST_HOST = "$(BUILT_PRODUCTS_DIR)/beatclikr.app/$(BUNDLE_EXECUTABLE_FOLDER_PATH)/beatclikr";
			};
			name = Debug;
		};
		EE84F31E2A7C7A24009E2F23 /* Release */ = {
			isa = XCBuildConfiguration;
			buildSettings = {
				ALWAYS_EMBED_SWIFT_STANDARD_LIBRARIES = YES;
				BUNDLE_LOADER = "$(TEST_HOST)";
				CODE_SIGN_STYLE = Automatic;
				CURRENT_PROJECT_VERSION = 1;
				DEVELOPMENT_TEAM = 4C4LJCSB2Q;
				GENERATE_INFOPLIST_FILE = YES;
				IPHONEOS_DEPLOYMENT_TARGET = 17.0;
				MARKETING_VERSION = 1.0;
				PRODUCT_BUNDLE_IDENTIFIER = com.bfunkstudios.beatclikrTests;
				PRODUCT_NAME = "$(TARGET_NAME)";
				SWIFT_EMIT_LOC_STRINGS = NO;
				SWIFT_VERSION = 5.0;
				TARGETED_DEVICE_FAMILY = "1,2";
				TEST_HOST = "$(BUILT_PRODUCTS_DIR)/beatclikr.app/$(BUNDLE_EXECUTABLE_FOLDER_PATH)/beatclikr";
			};
			name = Release;
		};
		EE84F3202A7C7A24009E2F23 /* Debug */ = {
			isa = XCBuildConfiguration;
			buildSettings = {
				ALWAYS_EMBED_SWIFT_STANDARD_LIBRARIES = YES;
				CODE_SIGN_STYLE = Automatic;
				CURRENT_PROJECT_VERSION = 1;
				DEVELOPMENT_TEAM = 4C4LJCSB2Q;
				GENERATE_INFOPLIST_FILE = YES;
				MARKETING_VERSION = 1.0;
				PRODUCT_BUNDLE_IDENTIFIER = com.bfunkstudios.beatclikrUITests;
				PRODUCT_NAME = "$(TARGET_NAME)";
				SWIFT_EMIT_LOC_STRINGS = NO;
				SWIFT_VERSION = 5.0;
				TARGETED_DEVICE_FAMILY = "1,2";
				TEST_TARGET_NAME = beatclikr;
			};
			name = Debug;
		};
		EE84F3212A7C7A24009E2F23 /* Release */ = {
			isa = XCBuildConfiguration;
			buildSettings = {
				ALWAYS_EMBED_SWIFT_STANDARD_LIBRARIES = YES;
				CODE_SIGN_STYLE = Automatic;
				CURRENT_PROJECT_VERSION = 1;
				DEVELOPMENT_TEAM = 4C4LJCSB2Q;
				GENERATE_INFOPLIST_FILE = YES;
				MARKETING_VERSION = 1.0;
				PRODUCT_BUNDLE_IDENTIFIER = com.bfunkstudios.beatclikrUITests;
				PRODUCT_NAME = "$(TARGET_NAME)";
				SWIFT_EMIT_LOC_STRINGS = NO;
				SWIFT_VERSION = 5.0;
				TARGETED_DEVICE_FAMILY = "1,2";
				TEST_TARGET_NAME = beatclikr;
			};
			name = Release;
		};
/* End XCBuildConfiguration section */

/* Begin XCConfigurationList section */
		EE84F2EC2A7C7A21009E2F23 /* Build configuration list for PBXProject "beatclikr" */ = {
			isa = XCConfigurationList;
			buildConfigurations = (
				EE84F3172A7C7A24009E2F23 /* Debug */,
				EE84F3182A7C7A24009E2F23 /* Release */,
			);
			defaultConfigurationIsVisible = 0;
			defaultConfigurationName = Release;
		};
		EE84F3192A7C7A24009E2F23 /* Build configuration list for PBXNativeTarget "beatclikr" */ = {
			isa = XCConfigurationList;
			buildConfigurations = (
				EE84F31A2A7C7A24009E2F23 /* Debug */,
				EE84F31B2A7C7A24009E2F23 /* Release */,
			);
			defaultConfigurationIsVisible = 0;
			defaultConfigurationName = Release;
		};
		EE84F31C2A7C7A24009E2F23 /* Build configuration list for PBXNativeTarget "beatclikrTests" */ = {
			isa = XCConfigurationList;
			buildConfigurations = (
				EE84F31D2A7C7A24009E2F23 /* Debug */,
				EE84F31E2A7C7A24009E2F23 /* Release */,
			);
			defaultConfigurationIsVisible = 0;
			defaultConfigurationName = Release;
		};
		EE84F31F2A7C7A24009E2F23 /* Build configuration list for PBXNativeTarget "beatclikrUITests" */ = {
			isa = XCConfigurationList;
			buildConfigurations = (
				EE84F3202A7C7A24009E2F23 /* Debug */,
				EE84F3212A7C7A24009E2F23 /* Release */,
			);
			defaultConfigurationIsVisible = 0;
			defaultConfigurationName = Release;
		};
/* End XCConfigurationList section */
	};
	rootObject = EE84F2E92A7C7A21009E2F23 /* Project object */;
}
