// !$*UTF8*$!
{
	archiveVersion = 1;
	classes = {
	};
	objectVersion = 60;
	objects = {

/* Begin PBXBuildFile section */
		EE0473192AA388EB004E958A /* HomeView.swift in Sources */ = {isa = PBXBuildFile; fileRef = EE0473182AA388EB004E958A /* HomeView.swift */; };
		EE04731B2AA39267004E958A /* ClickerType.swift in Sources */ = {isa = PBXBuildFile; fileRef = EE04731A2AA39267004E958A /* ClickerType.swift */; };
		EE07558F2A7E84D400E34D29 /* FormatterHelper.swift in Sources */ = {isa = PBXBuildFile; fileRef = EE07558E2A7E84D400E34D29 /* FormatterHelper.swift */; };
		EE0939E72A7EA838005491BB /* RectangleText.swift in Sources */ = {isa = PBXBuildFile; fileRef = EE0939E62A7EA838005491BB /* RectangleText.swift */; };
		EE207A3D2A89723F00D8E267 /* AudioKit in Frameworks */ = {isa = PBXBuildFile; productRef = EE207A3C2A89723F00D8E267 /* AudioKit */; };
		EE207A3F2A89734F00D8E267 /* SoundFile.swift in Sources */ = {isa = PBXBuildFile; fileRef = EE207A3E2A89734F00D8E267 /* SoundFile.swift */; };
		EE34F0762A7C7D8300CA5BD0 /* InstantMetronomeView.swift in Sources */ = {isa = PBXBuildFile; fileRef = EE34F0752A7C7D8300CA5BD0 /* InstantMetronomeView.swift */; };
		EE3BEF3C2A83B476004B0C97 /* Groove.swift in Sources */ = {isa = PBXBuildFile; fileRef = EE3BEF3B2A83B476004B0C97 /* Groove.swift */; };
		EE478E8B2A879C51008337DB /* AudioPlayerService.swift in Sources */ = {isa = PBXBuildFile; fileRef = EE478E8A2A879C51008337DB /* AudioPlayerService.swift */; };
		EE5772682A880BB6002AAC3A /* InstrumentLists.swift in Sources */ = {isa = PBXBuildFile; fileRef = EE5772672A880BB6002AAC3A /* InstrumentLists.swift */; };
		EE6406BA2A7EEE2400DEDED2 /* MetronomePlayerView.swift in Sources */ = {isa = PBXBuildFile; fileRef = EE6406B92A7EEE2400DEDED2 /* MetronomePlayerView.swift */; };
		EE6406BC2A7EEF5700DEDED2 /* MetronomePlaybackViewModel.swift in Sources */ = {isa = PBXBuildFile; fileRef = EE6406BB2A7EEF5700DEDED2 /* MetronomePlaybackViewModel.swift */; };
		EE6406CB2A7EF5B400DEDED2 /* fa-duotone-900.ttf in Resources */ = {isa = PBXBuildFile; fileRef = EE6406C42A7EF5B400DEDED2 /* fa-duotone-900.ttf */; };
		EE6406CC2A7EF5B400DEDED2 /* fa-v4compatibility.ttf in Resources */ = {isa = PBXBuildFile; fileRef = EE6406C52A7EF5B400DEDED2 /* fa-v4compatibility.ttf */; };
		EE6406CD2A7EF5B400DEDED2 /* fa-light-300.ttf in Resources */ = {isa = PBXBuildFile; fileRef = EE6406C62A7EF5B400DEDED2 /* fa-light-300.ttf */; };
		EE6406CE2A7EF5B400DEDED2 /* fa-thin-100.ttf in Resources */ = {isa = PBXBuildFile; fileRef = EE6406C72A7EF5B400DEDED2 /* fa-thin-100.ttf */; };
		EE6406CF2A7EF5B400DEDED2 /* fa-regular-400.ttf in Resources */ = {isa = PBXBuildFile; fileRef = EE6406C82A7EF5B400DEDED2 /* fa-regular-400.ttf */; };
		EE6406D02A7EF5B400DEDED2 /* fa-solid-900.ttf in Resources */ = {isa = PBXBuildFile; fileRef = EE6406C92A7EF5B400DEDED2 /* fa-solid-900.ttf */; };
		EE6406D12A7EF5B400DEDED2 /* fa-brands-400.ttf in Resources */ = {isa = PBXBuildFile; fileRef = EE6406CA2A7EF5B400DEDED2 /* fa-brands-400.ttf */; };
		EE6406E22A7EF6B900DEDED2 /* crashr_A3.wav in Resources */ = {isa = PBXBuildFile; fileRef = EE6406D22A7EF6B800DEDED2 /* crashr_A3.wav */; };
		EE6406E32A7EF6B900DEDED2 /* tamb_F#3.wav in Resources */ = {isa = PBXBuildFile; fileRef = EE6406D32A7EF6B800DEDED2 /* tamb_F#3.wav */; };
		EE6406E42A7EF6B900DEDED2 /* hatclosed_F#2.wav in Resources */ = {isa = PBXBuildFile; fileRef = EE6406D42A7EF6B900DEDED2 /* hatclosed_F#2.wav */; };
		EE6406E52A7EF6B900DEDED2 /* clickhi_E5.wav in Resources */ = {isa = PBXBuildFile; fileRef = EE6406D52A7EF6B900DEDED2 /* clickhi_E5.wav */; };
		EE6406E62A7EF6B900DEDED2 /* crashl_C#3.wav in Resources */ = {isa = PBXBuildFile; fileRef = EE6406D62A7EF6B900DEDED2 /* crashl_C#3.wav */; };
		EE6406E72A7EF6B900DEDED2 /* tomlow_A2.wav in Resources */ = {isa = PBXBuildFile; fileRef = EE6406D72A7EF6B900DEDED2 /* tomlow_A2.wav */; };
		EE6406E82A7EF6B900DEDED2 /* tommid_B2.wav in Resources */ = {isa = PBXBuildFile; fileRef = EE6406D82A7EF6B900DEDED2 /* tommid_B2.wav */; };
		EE6406E92A7EF6B900DEDED2 /* kick_C2.wav in Resources */ = {isa = PBXBuildFile; fileRef = EE6406D92A7EF6B900DEDED2 /* kick_C2.wav */; };
		EE6406EA2A7EF6B900DEDED2 /* cowbell_G#3.wav in Resources */ = {isa = PBXBuildFile; fileRef = EE6406DA2A7EF6B900DEDED2 /* cowbell_G#3.wav */; };
		EE6406EB2A7EF6B900DEDED2 /* ridebell_F3.wav in Resources */ = {isa = PBXBuildFile; fileRef = EE6406DB2A7EF6B900DEDED2 /* ridebell_F3.wav */; };
		EE6406EC2A7EF6B900DEDED2 /* tomhi_D3.wav in Resources */ = {isa = PBXBuildFile; fileRef = EE6406DC2A7EF6B900DEDED2 /* tomhi_D3.wav */; };
		EE6406ED2A7EF6B900DEDED2 /* silence_D7.wav in Resources */ = {isa = PBXBuildFile; fileRef = EE6406DD2A7EF6B900DEDED2 /* silence_D7.wav */; };
		EE6406EE2A7EF6B900DEDED2 /* snare_D2.wav in Resources */ = {isa = PBXBuildFile; fileRef = EE6406DE2A7EF6B900DEDED2 /* snare_D2.wav */; };
		EE6406EF2A7EF6B900DEDED2 /* clicklo_F5.wav in Resources */ = {isa = PBXBuildFile; fileRef = EE6406DF2A7EF6B900DEDED2 /* clicklo_F5.wav */; };
		EE6406F02A7EF6B900DEDED2 /* rideedge_D#3.wav in Resources */ = {isa = PBXBuildFile; fileRef = EE6406E02A7EF6B900DEDED2 /* rideedge_D#3.wav */; };
		EE6406F12A7EF6B900DEDED2 /* hatopen_A#2.wav in Resources */ = {isa = PBXBuildFile; fileRef = EE6406E12A7EF6B900DEDED2 /* hatopen_A#2.wav */; };
		EE6CD1352A87C014003F66C0 /* MetronomeTimer.swift in Sources */ = {isa = PBXBuildFile; fileRef = EE6CD1342A87C014003F66C0 /* MetronomeTimer.swift */; };
		EE8201832A81B1E900675A1C /* PlaylistModeView.swift in Sources */ = {isa = PBXBuildFile; fileRef = EE8201822A81B1E900675A1C /* PlaylistModeView.swift */; };
		EE8201852A81B20F00675A1C /* SongListItemView.swift in Sources */ = {isa = PBXBuildFile; fileRef = EE8201842A81B20F00675A1C /* SongListItemView.swift */; };
		EE82F9A82A7FBD7000B873E7 /* UserDefaultsService.swift in Sources */ = {isa = PBXBuildFile; fileRef = EE82F9A72A7FBD7000B873E7 /* UserDefaultsService.swift */; };
		EE82F9AA2A7FBFE100B873E7 /* FlashlightService.swift in Sources */ = {isa = PBXBuildFile; fileRef = EE82F9A92A7FBFE100B873E7 /* FlashlightService.swift */; };
		EE82F9AC2A7FC98200B873E7 /* VibrationService.swift in Sources */ = {isa = PBXBuildFile; fileRef = EE82F9AB2A7FC98200B873E7 /* VibrationService.swift */; };
		EE84F2F52A7C7A21009E2F23 /* beatclikrApp.swift in Sources */ = {isa = PBXBuildFile; fileRef = EE84F2F42A7C7A21009E2F23 /* beatclikrApp.swift */; };
		EE84F2F72A7C7A21009E2F23 /* LibraryView.swift in Sources */ = {isa = PBXBuildFile; fileRef = EE84F2F62A7C7A21009E2F23 /* LibraryView.swift */; };
		EE84F2F92A7C7A21009E2F23 /* Song.swift in Sources */ = {isa = PBXBuildFile; fileRef = EE84F2F82A7C7A21009E2F23 /* Song.swift */; };
		EE84F2FB2A7C7A23009E2F23 /* Assets.xcassets in Resources */ = {isa = PBXBuildFile; fileRef = EE84F2FA2A7C7A23009E2F23 /* Assets.xcassets */; };
		EE84F2FE2A7C7A23009E2F23 /* Preview Assets.xcassets in Resources */ = {isa = PBXBuildFile; fileRef = EE84F2FD2A7C7A23009E2F23 /* Preview Assets.xcassets */; };
		EE84F30A2A7C7A23009E2F23 /* beatclikrTests.swift in Sources */ = {isa = PBXBuildFile; fileRef = EE84F3092A7C7A23009E2F23 /* beatclikrTests.swift */; };
		EE84F3142A7C7A24009E2F23 /* beatclikrUITests.swift in Sources */ = {isa = PBXBuildFile; fileRef = EE84F3132A7C7A24009E2F23 /* beatclikrUITests.swift */; };
		EE84F3162A7C7A24009E2F23 /* beatclikrUITestsLaunchTests.swift in Sources */ = {isa = PBXBuildFile; fileRef = EE84F3152A7C7A24009E2F23 /* beatclikrUITestsLaunchTests.swift */; };
		EE97D59C2A7E7C3200FA11A0 /* SongLibraryViewModel.swift in Sources */ = {isa = PBXBuildFile; fileRef = EE97D59B2A7E7C3200FA11A0 /* SongLibraryViewModel.swift */; };
		EE97D5A12A7E7EB900FA11A0 /* SongDetailsView.swift in Sources */ = {isa = PBXBuildFile; fileRef = EE97D5A02A7E7EB900FA11A0 /* SongDetailsView.swift */; };
		EEC392172AA5FA3000F4AAB4 /* ImageConstants.swift in Sources */ = {isa = PBXBuildFile; fileRef = EEC392162AA5FA3000F4AAB4 /* ImageConstants.swift */; };
		EEE911532A7EDE07008DFDED /* FileConstants.swift in Sources */ = {isa = PBXBuildFile; fileRef = EEE911522A7EDE07008DFDED /* FileConstants.swift */; };
		EEE911552A7EDEDC008DFDED /* PreferenceKeys.swift in Sources */ = {isa = PBXBuildFile; fileRef = EEE911542A7EDEDC008DFDED /* PreferenceKeys.swift */; };
/* End PBXBuildFile section */

/* Begin PBXContainerItemProxy section */
		EE84F3062A7C7A23009E2F23 /* PBXContainerItemProxy */ = {
			isa = PBXContainerItemProxy;
			containerPortal = EE84F2E92A7C7A21009E2F23 /* Project object */;
			proxyType = 1;
			remoteGlobalIDString = EE84F2F02A7C7A21009E2F23;
			remoteInfo = beatclikr;
		};
		EE84F3102A7C7A24009E2F23 /* PBXContainerItemProxy */ = {
			isa = PBXContainerItemProxy;
			containerPortal = EE84F2E92A7C7A21009E2F23 /* Project object */;
			proxyType = 1;
			remoteGlobalIDString = EE84F2F02A7C7A21009E2F23;
			remoteInfo = beatclikr;
		};
/* End PBXContainerItemProxy section */

/* Begin PBXFileReference section */
		EE0473182AA388EB004E958A /* HomeView.swift */ = {isa = PBXFileReference; lastKnownFileType = sourcecode.swift; path = HomeView.swift; sourceTree = "<group>"; };
		EE04731A2AA39267004E958A /* ClickerType.swift */ = {isa = PBXFileReference; lastKnownFileType = sourcecode.swift; path = ClickerType.swift; sourceTree = "<group>"; };
		EE07558E2A7E84D400E34D29 /* FormatterHelper.swift */ = {isa = PBXFileReference; lastKnownFileType = sourcecode.swift; path = FormatterHelper.swift; sourceTree = "<group>"; };
		EE0939E62A7EA838005491BB /* RectangleText.swift */ = {isa = PBXFileReference; lastKnownFileType = sourcecode.swift; path = RectangleText.swift; sourceTree = "<group>"; };
		EE207A3E2A89734F00D8E267 /* SoundFile.swift */ = {isa = PBXFileReference; lastKnownFileType = sourcecode.swift; path = SoundFile.swift; sourceTree = "<group>"; };
		EE34F0752A7C7D8300CA5BD0 /* InstantMetronomeView.swift */ = {isa = PBXFileReference; lastKnownFileType = sourcecode.swift; path = InstantMetronomeView.swift; sourceTree = "<group>"; };
		EE3BEF3B2A83B476004B0C97 /* Groove.swift */ = {isa = PBXFileReference; lastKnownFileType = sourcecode.swift; path = Groove.swift; sourceTree = "<group>"; };
		EE478E8A2A879C51008337DB /* AudioPlayerService.swift */ = {isa = PBXFileReference; lastKnownFileType = sourcecode.swift; path = AudioPlayerService.swift; sourceTree = "<group>"; };
		EE5772672A880BB6002AAC3A /* InstrumentLists.swift */ = {isa = PBXFileReference; lastKnownFileType = sourcecode.swift; path = InstrumentLists.swift; sourceTree = "<group>"; };
		EE6406B92A7EEE2400DEDED2 /* MetronomePlayerView.swift */ = {isa = PBXFileReference; lastKnownFileType = sourcecode.swift; path = MetronomePlayerView.swift; sourceTree = "<group>"; };
		EE6406BB2A7EEF5700DEDED2 /* MetronomePlaybackViewModel.swift */ = {isa = PBXFileReference; lastKnownFileType = sourcecode.swift; path = MetronomePlaybackViewModel.swift; sourceTree = "<group>"; };
		EE6406C42A7EF5B400DEDED2 /* fa-duotone-900.ttf */ = {isa = PBXFileReference; lastKnownFileType = file; path = "fa-duotone-900.ttf"; sourceTree = "<group>"; };
		EE6406C52A7EF5B400DEDED2 /* fa-v4compatibility.ttf */ = {isa = PBXFileReference; lastKnownFileType = file; path = "fa-v4compatibility.ttf"; sourceTree = "<group>"; };
		EE6406C62A7EF5B400DEDED2 /* fa-light-300.ttf */ = {isa = PBXFileReference; lastKnownFileType = file; path = "fa-light-300.ttf"; sourceTree = "<group>"; };
		EE6406C72A7EF5B400DEDED2 /* fa-thin-100.ttf */ = {isa = PBXFileReference; lastKnownFileType = file; path = "fa-thin-100.ttf"; sourceTree = "<group>"; };
		EE6406C82A7EF5B400DEDED2 /* fa-regular-400.ttf */ = {isa = PBXFileReference; lastKnownFileType = file; path = "fa-regular-400.ttf"; sourceTree = "<group>"; };
		EE6406C92A7EF5B400DEDED2 /* fa-solid-900.ttf */ = {isa = PBXFileReference; lastKnownFileType = file; path = "fa-solid-900.ttf"; sourceTree = "<group>"; };
		EE6406CA2A7EF5B400DEDED2 /* fa-brands-400.ttf */ = {isa = PBXFileReference; lastKnownFileType = file; path = "fa-brands-400.ttf"; sourceTree = "<group>"; };
		EE6406D22A7EF6B800DEDED2 /* crashr_A3.wav */ = {isa = PBXFileReference; lastKnownFileType = audio.wav; path = crashr_A3.wav; sourceTree = "<group>"; };
		EE6406D32A7EF6B800DEDED2 /* tamb_F#3.wav */ = {isa = PBXFileReference; lastKnownFileType = audio.wav; path = "tamb_F#3.wav"; sourceTree = "<group>"; };
		EE6406D42A7EF6B900DEDED2 /* hatclosed_F#2.wav */ = {isa = PBXFileReference; lastKnownFileType = audio.wav; path = "hatclosed_F#2.wav"; sourceTree = "<group>"; };
		EE6406D52A7EF6B900DEDED2 /* clickhi_E5.wav */ = {isa = PBXFileReference; lastKnownFileType = audio.wav; path = clickhi_E5.wav; sourceTree = "<group>"; };
		EE6406D62A7EF6B900DEDED2 /* crashl_C#3.wav */ = {isa = PBXFileReference; lastKnownFileType = audio.wav; path = "crashl_C#3.wav"; sourceTree = "<group>"; };
		EE6406D72A7EF6B900DEDED2 /* tomlow_A2.wav */ = {isa = PBXFileReference; lastKnownFileType = audio.wav; path = tomlow_A2.wav; sourceTree = "<group>"; };
		EE6406D82A7EF6B900DEDED2 /* tommid_B2.wav */ = {isa = PBXFileReference; lastKnownFileType = audio.wav; path = tommid_B2.wav; sourceTree = "<group>"; };
		EE6406D92A7EF6B900DEDED2 /* kick_C2.wav */ = {isa = PBXFileReference; lastKnownFileType = audio.wav; path = kick_C2.wav; sourceTree = "<group>"; };
		EE6406DA2A7EF6B900DEDED2 /* cowbell_G#3.wav */ = {isa = PBXFileReference; lastKnownFileType = audio.wav; path = "cowbell_G#3.wav"; sourceTree = "<group>"; };
		EE6406DB2A7EF6B900DEDED2 /* ridebell_F3.wav */ = {isa = PBXFileReference; lastKnownFileType = audio.wav; path = ridebell_F3.wav; sourceTree = "<group>"; };
		EE6406DC2A7EF6B900DEDED2 /* tomhi_D3.wav */ = {isa = PBXFileReference; lastKnownFileType = audio.wav; path = tomhi_D3.wav; sourceTree = "<group>"; };
		EE6406DD2A7EF6B900DEDED2 /* silence_D7.wav */ = {isa = PBXFileReference; lastKnownFileType = audio.wav; path = silence_D7.wav; sourceTree = "<group>"; };
		EE6406DE2A7EF6B900DEDED2 /* snare_D2.wav */ = {isa = PBXFileReference; lastKnownFileType = audio.wav; path = snare_D2.wav; sourceTree = "<group>"; };
		EE6406DF2A7EF6B900DEDED2 /* clicklo_F5.wav */ = {isa = PBXFileReference; lastKnownFileType = audio.wav; path = clicklo_F5.wav; sourceTree = "<group>"; };
		EE6406E02A7EF6B900DEDED2 /* rideedge_D#3.wav */ = {isa = PBXFileReference; lastKnownFileType = audio.wav; path = "rideedge_D#3.wav"; sourceTree = "<group>"; };
		EE6406E12A7EF6B900DEDED2 /* hatopen_A#2.wav */ = {isa = PBXFileReference; lastKnownFileType = audio.wav; path = "hatopen_A#2.wav"; sourceTree = "<group>"; };
		EE6CD1342A87C014003F66C0 /* MetronomeTimer.swift */ = {isa = PBXFileReference; lastKnownFileType = sourcecode.swift; path = MetronomeTimer.swift; sourceTree = "<group>"; };
		EE8201822A81B1E900675A1C /* PlaylistModeView.swift */ = {isa = PBXFileReference; lastKnownFileType = sourcecode.swift; path = PlaylistModeView.swift; sourceTree = "<group>"; };
		EE8201842A81B20F00675A1C /* SongListItemView.swift */ = {isa = PBXFileReference; lastKnownFileType = sourcecode.swift; path = SongListItemView.swift; sourceTree = "<group>"; };
		EE82F9A72A7FBD7000B873E7 /* UserDefaultsService.swift */ = {isa = PBXFileReference; lastKnownFileType = sourcecode.swift; path = UserDefaultsService.swift; sourceTree = "<group>"; };
		EE82F9A92A7FBFE100B873E7 /* FlashlightService.swift */ = {isa = PBXFileReference; lastKnownFileType = sourcecode.swift; path = FlashlightService.swift; sourceTree = "<group>"; };
		EE82F9AB2A7FC98200B873E7 /* VibrationService.swift */ = {isa = PBXFileReference; lastKnownFileType = sourcecode.swift; path = VibrationService.swift; sourceTree = "<group>"; };
		EE84F2F12A7C7A21009E2F23 /* beatclikr.app */ = {isa = PBXFileReference; explicitFileType = wrapper.application; includeInIndex = 0; path = beatclikr.app; sourceTree = BUILT_PRODUCTS_DIR; };
		EE84F2F42A7C7A21009E2F23 /* beatclikrApp.swift */ = {isa = PBXFileReference; lastKnownFileType = sourcecode.swift; path = beatclikrApp.swift; sourceTree = "<group>"; };
		EE84F2F62A7C7A21009E2F23 /* LibraryView.swift */ = {isa = PBXFileReference; lastKnownFileType = sourcecode.swift; path = LibraryView.swift; sourceTree = "<group>"; };
		EE84F2F82A7C7A21009E2F23 /* Song.swift */ = {isa = PBXFileReference; lastKnownFileType = sourcecode.swift; path = Song.swift; sourceTree = "<group>"; };
		EE84F2FA2A7C7A23009E2F23 /* Assets.xcassets */ = {isa = PBXFileReference; lastKnownFileType = folder.assetcatalog; path = Assets.xcassets; sourceTree = "<group>"; };
		EE84F2FD2A7C7A23009E2F23 /* Preview Assets.xcassets */ = {isa = PBXFileReference; lastKnownFileType = folder.assetcatalog; path = "Preview Assets.xcassets"; sourceTree = "<group>"; };
		EE84F2FF2A7C7A23009E2F23 /* beatclikr.entitlements */ = {isa = PBXFileReference; lastKnownFileType = text.plist.entitlements; path = beatclikr.entitlements; sourceTree = "<group>"; };
		EE84F3002A7C7A23009E2F23 /* Info.plist */ = {isa = PBXFileReference; lastKnownFileType = text.plist.xml; path = Info.plist; sourceTree = "<group>"; };
		EE84F3052A7C7A23009E2F23 /* beatclikrTests.xctest */ = {isa = PBXFileReference; explicitFileType = wrapper.cfbundle; includeInIndex = 0; path = beatclikrTests.xctest; sourceTree = BUILT_PRODUCTS_DIR; };
		EE84F3092A7C7A23009E2F23 /* beatclikrTests.swift */ = {isa = PBXFileReference; lastKnownFileType = sourcecode.swift; path = beatclikrTests.swift; sourceTree = "<group>"; };
		EE84F30F2A7C7A24009E2F23 /* beatclikrUITests.xctest */ = {isa = PBXFileReference; explicitFileType = wrapper.cfbundle; includeInIndex = 0; path = beatclikrUITests.xctest; sourceTree = BUILT_PRODUCTS_DIR; };
		EE84F3132A7C7A24009E2F23 /* beatclikrUITests.swift */ = {isa = PBXFileReference; lastKnownFileType = sourcecode.swift; path = beatclikrUITests.swift; sourceTree = "<group>"; };
		EE84F3152A7C7A24009E2F23 /* beatclikrUITestsLaunchTests.swift */ = {isa = PBXFileReference; lastKnownFileType = sourcecode.swift; path = beatclikrUITestsLaunchTests.swift; sourceTree = "<group>"; };
		EE97D59B2A7E7C3200FA11A0 /* SongLibraryViewModel.swift */ = {isa = PBXFileReference; lastKnownFileType = sourcecode.swift; path = SongLibraryViewModel.swift; sourceTree = "<group>"; };
		EE97D5A02A7E7EB900FA11A0 /* SongDetailsView.swift */ = {isa = PBXFileReference; lastKnownFileType = sourcecode.swift; path = SongDetailsView.swift; sourceTree = "<group>"; };
		EEC392162AA5FA3000F4AAB4 /* ImageConstants.swift */ = {isa = PBXFileReference; lastKnownFileType = sourcecode.swift; path = ImageConstants.swift; sourceTree = "<group>"; };
		EEE911522A7EDE07008DFDED /* FileConstants.swift */ = {isa = PBXFileReference; lastKnownFileType = sourcecode.swift; path = FileConstants.swift; sourceTree = "<group>"; };
		EEE911542A7EDEDC008DFDED /* PreferenceKeys.swift */ = {isa = PBXFileReference; lastKnownFileType = sourcecode.swift; path = PreferenceKeys.swift; sourceTree = "<group>"; };
/* End PBXFileReference section */

/* Begin PBXFrameworksBuildPhase section */
		EE84F2EE2A7C7A21009E2F23 /* Frameworks */ = {
			isa = PBXFrameworksBuildPhase;
			buildActionMask = 2147483647;
			files = (
				EE207A3D2A89723F00D8E267 /* AudioKit in Frameworks */,
			);
			runOnlyForDeploymentPostprocessing = 0;
		};
		EE84F3022A7C7A23009E2F23 /* Frameworks */ = {
			isa = PBXFrameworksBuildPhase;
			buildActionMask = 2147483647;
			files = (
			);
			runOnlyForDeploymentPostprocessing = 0;
		};
		EE84F30C2A7C7A24009E2F23 /* Frameworks */ = {
			isa = PBXFrameworksBuildPhase;
			buildActionMask = 2147483647;
			files = (
			);
			runOnlyForDeploymentPostprocessing = 0;
		};
/* End PBXFrameworksBuildPhase section */

/* Begin PBXGroup section */
		EE0939E52A7EA825005491BB /* CustomViews */ = {
			isa = PBXGroup;
			children = (
				EE0939E62A7EA838005491BB /* RectangleText.swift */,
				EE6406B92A7EEE2400DEDED2 /* MetronomePlayerView.swift */,
				EE8201842A81B20F00675A1C /* SongListItemView.swift */,
			);
			path = CustomViews;
			sourceTree = "<group>";
		};
		EE6406AA2A7EED1000DEDED2 /* Fonts */ = {
			isa = PBXGroup;
			children = (
				EE6406CA2A7EF5B400DEDED2 /* fa-brands-400.ttf */,
				EE6406C42A7EF5B400DEDED2 /* fa-duotone-900.ttf */,
				EE6406C62A7EF5B400DEDED2 /* fa-light-300.ttf */,
				EE6406C82A7EF5B400DEDED2 /* fa-regular-400.ttf */,
				EE6406C92A7EF5B400DEDED2 /* fa-solid-900.ttf */,
				EE6406C72A7EF5B400DEDED2 /* fa-thin-100.ttf */,
				EE6406C52A7EF5B400DEDED2 /* fa-v4compatibility.ttf */,
			);
			path = Fonts;
			sourceTree = "<group>";
		};
		EE84F2E82A7C7A21009E2F23 = {
			isa = PBXGroup;
			children = (
				EE84F2F32A7C7A21009E2F23 /* beatclikr */,
				EE84F3082A7C7A23009E2F23 /* beatclikrTests */,
				EE84F3122A7C7A24009E2F23 /* beatclikrUITests */,
				EE84F2F22A7C7A21009E2F23 /* Products */,
			);
			sourceTree = "<group>";
		};
		EE84F2F22A7C7A21009E2F23 /* Products */ = {
			isa = PBXGroup;
			children = (
				EE84F2F12A7C7A21009E2F23 /* beatclikr.app */,
				EE84F3052A7C7A23009E2F23 /* beatclikrTests.xctest */,
				EE84F30F2A7C7A24009E2F23 /* beatclikrUITests.xctest */,
			);
			name = Products;
			sourceTree = "<group>";
		};
		EE84F2F32A7C7A21009E2F23 /* beatclikr */ = {
			isa = PBXGroup;
			children = (
				EEE911512A7EDDF5008DFDED /* Constants */,
				EEE9112F2A7EDC89008DFDED /* Resources */,
				EE0939E52A7EA825005491BB /* CustomViews */,
				EE97D59F2A7E7C8900FA11A0 /* Helpers */,
				EE84F3222A7C7A45009E2F23 /* Model */,
				EE84F3242A7C7A50009E2F23 /* ViewModel */,
				EE84F3232A7C7A4D009E2F23 /* View */,
				EE84F3252A7C7A55009E2F23 /* Services */,
				EE84F2F42A7C7A21009E2F23 /* beatclikrApp.swift */,
				EE84F2FA2A7C7A23009E2F23 /* Assets.xcassets */,
				EE84F2FF2A7C7A23009E2F23 /* beatclikr.entitlements */,
				EE84F3002A7C7A23009E2F23 /* Info.plist */,
				EE84F2FC2A7C7A23009E2F23 /* Preview Content */,
			);
			path = beatclikr;
			sourceTree = "<group>";
		};
		EE84F2FC2A7C7A23009E2F23 /* Preview Content */ = {
			isa = PBXGroup;
			children = (
				EE84F2FD2A7C7A23009E2F23 /* Preview Assets.xcassets */,
			);
			path = "Preview Content";
			sourceTree = "<group>";
		};
		EE84F3082A7C7A23009E2F23 /* beatclikrTests */ = {
			isa = PBXGroup;
			children = (
				EE84F3092A7C7A23009E2F23 /* beatclikrTests.swift */,
			);
			path = beatclikrTests;
			sourceTree = "<group>";
		};
		EE84F3122A7C7A24009E2F23 /* beatclikrUITests */ = {
			isa = PBXGroup;
			children = (
				EE84F3132A7C7A24009E2F23 /* beatclikrUITests.swift */,
				EE84F3152A7C7A24009E2F23 /* beatclikrUITestsLaunchTests.swift */,
			);
			path = beatclikrUITests;
			sourceTree = "<group>";
		};
		EE84F3222A7C7A45009E2F23 /* Model */ = {
			isa = PBXGroup;
			children = (
				EE84F2F82A7C7A21009E2F23 /* Song.swift */,
				EE3BEF3B2A83B476004B0C97 /* Groove.swift */,
				EE207A3E2A89734F00D8E267 /* SoundFile.swift */,
				EE04731A2AA39267004E958A /* ClickerType.swift */,
			);
			path = Model;
			sourceTree = "<group>";
		};
		EE84F3232A7C7A4D009E2F23 /* View */ = {
			isa = PBXGroup;
			children = (
				EE84F2F62A7C7A21009E2F23 /* LibraryView.swift */,
				EE34F0752A7C7D8300CA5BD0 /* InstantMetronomeView.swift */,
				EE97D5A02A7E7EB900FA11A0 /* SongDetailsView.swift */,
				EE8201822A81B1E900675A1C /* PlaylistModeView.swift */,
				EE0473182AA388EB004E958A /* HomeView.swift */,
			);
			path = View;
			sourceTree = "<group>";
		};
		EE84F3242A7C7A50009E2F23 /* ViewModel */ = {
			isa = PBXGroup;
			children = (
				EE97D59B2A7E7C3200FA11A0 /* SongLibraryViewModel.swift */,
				EE6406BB2A7EEF5700DEDED2 /* MetronomePlaybackViewModel.swift */,
			);
			path = ViewModel;
			sourceTree = "<group>";
		};
		EE84F3252A7C7A55009E2F23 /* Services */ = {
			isa = PBXGroup;
			children = (
				EE6CD1342A87C014003F66C0 /* MetronomeTimer.swift */,
				EE82F9A92A7FBFE100B873E7 /* FlashlightService.swift */,
				EE82F9A72A7FBD7000B873E7 /* UserDefaultsService.swift */,
				EE82F9AB2A7FC98200B873E7 /* VibrationService.swift */,
				EE478E8A2A879C51008337DB /* AudioPlayerService.swift */,
			);
			path = Services;
			sourceTree = "<group>";
		};
		EE97D59F2A7E7C8900FA11A0 /* Helpers */ = {
			isa = PBXGroup;
			children = (
				EE07558E2A7E84D400E34D29 /* FormatterHelper.swift */,
			);
			path = Helpers;
			sourceTree = "<group>";
		};
		EEE9112F2A7EDC89008DFDED /* Resources */ = {
			isa = PBXGroup;
			children = (
				EE6406AA2A7EED1000DEDED2 /* Fonts */,
				EEE911302A7EDC94008DFDED /* Sounds */,
			);
			path = Resources;
			sourceTree = "<group>";
		};
		EEE911302A7EDC94008DFDED /* Sounds */ = {
			isa = PBXGroup;
			children = (
				EE6406D52A7EF6B900DEDED2 /* clickhi_E5.wav */,
				EE6406DF2A7EF6B900DEDED2 /* clicklo_F5.wav */,
				EE6406DA2A7EF6B900DEDED2 /* cowbell_G#3.wav */,
				EE6406D62A7EF6B900DEDED2 /* crashl_C#3.wav */,
				EE6406D22A7EF6B800DEDED2 /* crashr_A3.wav */,
				EE6406D42A7EF6B900DEDED2 /* hatclosed_F#2.wav */,
				EE6406E12A7EF6B900DEDED2 /* hatopen_A#2.wav */,
				EE6406D92A7EF6B900DEDED2 /* kick_C2.wav */,
				EE6406E02A7EF6B900DEDED2 /* rideedge_D#3.wav */,
				EE6406DB2A7EF6B900DEDED2 /* ridebell_F3.wav */,
				EE6406DD2A7EF6B900DEDED2 /* silence_D7.wav */,
				EE6406DE2A7EF6B900DEDED2 /* snare_D2.wav */,
				EE6406D32A7EF6B800DEDED2 /* tamb_F#3.wav */,
				EE6406DC2A7EF6B900DEDED2 /* tomhi_D3.wav */,
				EE6406D72A7EF6B900DEDED2 /* tomlow_A2.wav */,
				EE6406D82A7EF6B900DEDED2 /* tommid_B2.wav */,
			);
			path = Sounds;
			sourceTree = "<group>";
		};
		EEE911512A7EDDF5008DFDED /* Constants */ = {
			isa = PBXGroup;
			children = (
				EEE911522A7EDE07008DFDED /* FileConstants.swift */,
				EEE911542A7EDEDC008DFDED /* PreferenceKeys.swift */,
				EE5772672A880BB6002AAC3A /* InstrumentLists.swift */,
				EEC392162AA5FA3000F4AAB4 /* ImageConstants.swift */,
			);
			path = Constants;
			sourceTree = "<group>";
		};
/* End PBXGroup section */

/* Begin PBXNativeTarget section */
		EE84F2F02A7C7A21009E2F23 /* beatclikr */ = {
			isa = PBXNativeTarget;
			buildConfigurationList = EE84F3192A7C7A24009E2F23 /* Build configuration list for PBXNativeTarget "beatclikr" */;
			buildPhases = (
				EE84F2ED2A7C7A21009E2F23 /* Sources */,
				EE84F2EE2A7C7A21009E2F23 /* Frameworks */,
				EE84F2EF2A7C7A21009E2F23 /* Resources */,
			);
			buildRules = (
			);
			dependencies = (
			);
			name = beatclikr;
			packageProductDependencies = (
				EE207A3C2A89723F00D8E267 /* AudioKit */,
			);
			productName = beatclikr;
			productReference = EE84F2F12A7C7A21009E2F23 /* beatclikr.app */;
			productType = "com.apple.product-type.application";
		};
		EE84F3042A7C7A23009E2F23 /* beatclikrTests */ = {
			isa = PBXNativeTarget;
			buildConfigurationList = EE84F31C2A7C7A24009E2F23 /* Build configuration list for PBXNativeTarget "beatclikrTests" */;
			buildPhases = (
				EE84F3012A7C7A23009E2F23 /* Sources */,
				EE84F3022A7C7A23009E2F23 /* Frameworks */,
				EE84F3032A7C7A23009E2F23 /* Resources */,
			);
			buildRules = (
			);
			dependencies = (
				EE84F3072A7C7A23009E2F23 /* PBXTargetDependency */,
			);
			name = beatclikrTests;
			productName = beatclikrTests;
			productReference = EE84F3052A7C7A23009E2F23 /* beatclikrTests.xctest */;
			productType = "com.apple.product-type.bundle.unit-test";
		};
		EE84F30E2A7C7A24009E2F23 /* beatclikrUITests */ = {
			isa = PBXNativeTarget;
			buildConfigurationList = EE84F31F2A7C7A24009E2F23 /* Build configuration list for PBXNativeTarget "beatclikrUITests" */;
			buildPhases = (
				EE84F30B2A7C7A24009E2F23 /* Sources */,
				EE84F30C2A7C7A24009E2F23 /* Frameworks */,
				EE84F30D2A7C7A24009E2F23 /* Resources */,
			);
			buildRules = (
			);
			dependencies = (
				EE84F3112A7C7A24009E2F23 /* PBXTargetDependency */,
			);
			name = beatclikrUITests;
			productName = beatclikrUITests;
			productReference = EE84F30F2A7C7A24009E2F23 /* beatclikrUITests.xctest */;
			productType = "com.apple.product-type.bundle.ui-testing";
		};
/* End PBXNativeTarget section */

/* Begin PBXProject section */
		EE84F2E92A7C7A21009E2F23 /* Project object */ = {
			isa = PBXProject;
			attributes = {
				BuildIndependentTargetsInParallel = 1;
				LastSwiftUpdateCheck = 1500;
				LastUpgradeCheck = 1500;
				TargetAttributes = {
					EE84F2F02A7C7A21009E2F23 = {
						CreatedOnToolsVersion = 15.0;
					};
					EE84F3042A7C7A23009E2F23 = {
						CreatedOnToolsVersion = 15.0;
						TestTargetID = EE84F2F02A7C7A21009E2F23;
					};
					EE84F30E2A7C7A24009E2F23 = {
						CreatedOnToolsVersion = 15.0;
						TestTargetID = EE84F2F02A7C7A21009E2F23;
					};
				};
			};
			buildConfigurationList = EE84F2EC2A7C7A21009E2F23 /* Build configuration list for PBXProject "beatclikr" */;
			compatibilityVersion = "Xcode 15.0";
			developmentRegion = en;
			hasScannedForEncodings = 0;
			knownRegions = (
				en,
				Base,
			);
			mainGroup = EE84F2E82A7C7A21009E2F23;
			packageReferences = (
				EE207A3B2A89723F00D8E267 /* XCRemoteSwiftPackageReference "AudioKit" */,
			);
			productRefGroup = EE84F2F22A7C7A21009E2F23 /* Products */;
			projectDirPath = "";
			projectRoot = "";
			targets = (
				EE84F2F02A7C7A21009E2F23 /* beatclikr */,
				EE84F3042A7C7A23009E2F23 /* beatclikrTests */,
				EE84F30E2A7C7A24009E2F23 /* beatclikrUITests */,
			);
		};
/* End PBXProject section */

/* Begin PBXResourcesBuildPhase section */
		EE84F2EF2A7C7A21009E2F23 /* Resources */ = {
			isa = PBXResourcesBuildPhase;
			buildActionMask = 2147483647;
			files = (
				EE6406F02A7EF6B900DEDED2 /* rideedge_D#3.wav in Resources */,
				EE6406E82A7EF6B900DEDED2 /* tommid_B2.wav in Resources */,
				EE6406E72A7EF6B900DEDED2 /* tomlow_A2.wav in Resources */,
				EE6406EC2A7EF6B900DEDED2 /* tomhi_D3.wav in Resources */,
				EE6406E42A7EF6B900DEDED2 /* hatclosed_F#2.wav in Resources */,
				EE6406CF2A7EF5B400DEDED2 /* fa-regular-400.ttf in Resources */,
				EE6406E22A7EF6B900DEDED2 /* crashr_A3.wav in Resources */,
				EE6406E62A7EF6B900DEDED2 /* crashl_C#3.wav in Resources */,
				EE6406F12A7EF6B900DEDED2 /* hatopen_A#2.wav in Resources */,
				EE6406CD2A7EF5B400DEDED2 /* fa-light-300.ttf in Resources */,
				EE6406EE2A7EF6B900DEDED2 /* snare_D2.wav in Resources */,
				EE6406CE2A7EF5B400DEDED2 /* fa-thin-100.ttf in Resources */,
				EE6406E52A7EF6B900DEDED2 /* clickhi_E5.wav in Resources */,
				EE6406D02A7EF5B400DEDED2 /* fa-solid-900.ttf in Resources */,
				EE6406D12A7EF5B400DEDED2 /* fa-brands-400.ttf in Resources */,
				EE6406EF2A7EF6B900DEDED2 /* clicklo_F5.wav in Resources */,
				EE6406EA2A7EF6B900DEDED2 /* cowbell_G#3.wav in Resources */,
				EE6406E92A7EF6B900DEDED2 /* kick_C2.wav in Resources */,
				EE6406CC2A7EF5B400DEDED2 /* fa-v4compatibility.ttf in Resources */,
				EE6406ED2A7EF6B900DEDED2 /* silence_D7.wav in Resources */,
				EE6406EB2A7EF6B900DEDED2 /* ridebell_F3.wav in Resources */,
				EE84F2FE2A7C7A23009E2F23 /* Preview Assets.xcassets in Resources */,
				EE6406E32A7EF6B900DEDED2 /* tamb_F#3.wav in Resources */,
				EE6406CB2A7EF5B400DEDED2 /* fa-duotone-900.ttf in Resources */,
				EE84F2FB2A7C7A23009E2F23 /* Assets.xcassets in Resources */,
			);
			runOnlyForDeploymentPostprocessing = 0;
		};
		EE84F3032A7C7A23009E2F23 /* Resources */ = {
			isa = PBXResourcesBuildPhase;
			buildActionMask = 2147483647;
			files = (
			);
			runOnlyForDeploymentPostprocessing = 0;
		};
		EE84F30D2A7C7A24009E2F23 /* Resources */ = {
			isa = PBXResourcesBuildPhase;
			buildActionMask = 2147483647;
			files = (
			);
			runOnlyForDeploymentPostprocessing = 0;
		};
/* End PBXResourcesBuildPhase section */

/* Begin PBXSourcesBuildPhase section */
		EE84F2ED2A7C7A21009E2F23 /* Sources */ = {
			isa = PBXSourcesBuildPhase;
			buildActionMask = 2147483647;
			files = (
				EE97D5A12A7E7EB900FA11A0 /* SongDetailsView.swift in Sources */,
				EE04731B2AA39267004E958A /* ClickerType.swift in Sources */,
				EE84F2F72A7C7A21009E2F23 /* LibraryView.swift in Sources */,
				EE0473192AA388EB004E958A /* HomeView.swift in Sources */,
				EE82F9AC2A7FC98200B873E7 /* VibrationService.swift in Sources */,
				EEE911552A7EDEDC008DFDED /* PreferenceKeys.swift in Sources */,
				EEC392172AA5FA3000F4AAB4 /* ImageConstants.swift in Sources */,
				EE97D59C2A7E7C3200FA11A0 /* SongLibraryViewModel.swift in Sources */,
				EE207A3F2A89734F00D8E267 /* SoundFile.swift in Sources */,
				EE8201852A81B20F00675A1C /* SongListItemView.swift in Sources */,
				EEE911532A7EDE07008DFDED /* FileConstants.swift in Sources */,
				EE82F9AA2A7FBFE100B873E7 /* FlashlightService.swift in Sources */,
				EE6406BA2A7EEE2400DEDED2 /* MetronomePlayerView.swift in Sources */,
				EE478E8B2A879C51008337DB /* AudioPlayerService.swift in Sources */,
				EE07558F2A7E84D400E34D29 /* FormatterHelper.swift in Sources */,
				EE0939E72A7EA838005491BB /* RectangleText.swift in Sources */,
				EE3BEF3C2A83B476004B0C97 /* Groove.swift in Sources */,
				EE84F2F92A7C7A21009E2F23 /* Song.swift in Sources */,
				EE5772682A880BB6002AAC3A /* InstrumentLists.swift in Sources */,
				EE84F2F52A7C7A21009E2F23 /* beatclikrApp.swift in Sources */,
				EE82F9A82A7FBD7000B873E7 /* UserDefaultsService.swift in Sources */,
				EE34F0762A7C7D8300CA5BD0 /* InstantMetronomeView.swift in Sources */,
				EE6406BC2A7EEF5700DEDED2 /* MetronomePlaybackViewModel.swift in Sources */,
				EE6CD1352A87C014003F66C0 /* MetronomeTimer.swift in Sources */,
				EE8201832A81B1E900675A1C /* PlaylistModeView.swift in Sources */,
			);
			runOnlyForDeploymentPostprocessing = 0;
		};
		EE84F3012A7C7A23009E2F23 /* Sources */ = {
			isa = PBXSourcesBuildPhase;
			buildActionMask = 2147483647;
			files = (
				EE84F30A2A7C7A23009E2F23 /* beatclikrTests.swift in Sources */,
			);
			runOnlyForDeploymentPostprocessing = 0;
		};
		EE84F30B2A7C7A24009E2F23 /* Sources */ = {
			isa = PBXSourcesBuildPhase;
			buildActionMask = 2147483647;
			files = (
				EE84F3162A7C7A24009E2F23 /* beatclikrUITestsLaunchTests.swift in Sources */,
				EE84F3142A7C7A24009E2F23 /* beatclikrUITests.swift in Sources */,
			);
			runOnlyForDeploymentPostprocessing = 0;
		};
/* End PBXSourcesBuildPhase section */

/* Begin PBXTargetDependency section */
		EE84F3072A7C7A23009E2F23 /* PBXTargetDependency */ = {
			isa = PBXTargetDependency;
			target = EE84F2F02A7C7A21009E2F23 /* beatclikr */;
			targetProxy = EE84F3062A7C7A23009E2F23 /* PBXContainerItemProxy */;
		};
		EE84F3112A7C7A24009E2F23 /* PBXTargetDependency */ = {
			isa = PBXTargetDependency;
			target = EE84F2F02A7C7A21009E2F23 /* beatclikr */;
			targetProxy = EE84F3102A7C7A24009E2F23 /* PBXContainerItemProxy */;
		};
/* End PBXTargetDependency section */

/* Begin XCBuildConfiguration section */
		EE84F3172A7C7A24009E2F23 /* Debug */ = {
			isa = XCBuildConfiguration;
			buildSettings = {
				ALWAYS_SEARCH_USER_PATHS = NO;
				ASSETCATALOG_COMPILER_GENERATE_SWIFT_ASSET_SYMBOL_EXTENSIONS = YES;
				CLANG_ANALYZER_NONNULL = YES;
				CLANG_ANALYZER_NUMBER_OBJECT_CONVERSION = YES_AGGRESSIVE;
				CLANG_CXX_LANGUAGE_STANDARD = "gnu++20";
				CLANG_ENABLE_MODULES = YES;
				CLANG_ENABLE_OBJC_ARC = YES;
				CLANG_ENABLE_OBJC_WEAK = YES;
				CLANG_WARN_BLOCK_CAPTURE_AUTORELEASING = YES;
				CLANG_WARN_BOOL_CONVERSION = YES;
				CLANG_WARN_COMMA = YES;
				CLANG_WARN_CONSTANT_CONVERSION = YES;
				CLANG_WARN_DEPRECATED_OBJC_IMPLEMENTATIONS = YES;
				CLANG_WARN_DIRECT_OBJC_ISA_USAGE = YES_ERROR;
				CLANG_WARN_DOCUMENTATION_COMMENTS = YES;
				CLANG_WARN_EMPTY_BODY = YES;
				CLANG_WARN_ENUM_CONVERSION = YES;
				CLANG_WARN_INFINITE_RECURSION = YES;
				CLANG_WARN_INT_CONVERSION = YES;
				CLANG_WARN_NON_LITERAL_NULL_CONVERSION = YES;
				CLANG_WARN_OBJC_IMPLICIT_RETAIN_SELF = YES;
				CLANG_WARN_OBJC_LITERAL_CONVERSION = YES;
				CLANG_WARN_OBJC_ROOT_CLASS = YES_ERROR;
				CLANG_WARN_QUOTED_INCLUDE_IN_FRAMEWORK_HEADER = YES;
				CLANG_WARN_RANGE_LOOP_ANALYSIS = YES;
				CLANG_WARN_STRICT_PROTOTYPES = YES;
				CLANG_WARN_SUSPICIOUS_MOVE = YES;
				CLANG_WARN_UNGUARDED_AVAILABILITY = YES_AGGRESSIVE;
				CLANG_WARN_UNREACHABLE_CODE = YES;
				CLANG_WARN__DUPLICATE_METHOD_MATCH = YES;
				COPY_PHASE_STRIP = NO;
				DEBUG_INFORMATION_FORMAT = dwarf;
				ENABLE_STRICT_OBJC_MSGSEND = YES;
				ENABLE_TESTABILITY = YES;
				ENABLE_USER_SCRIPT_SANDBOXING = YES;
				GCC_C_LANGUAGE_STANDARD = gnu17;
				GCC_DYNAMIC_NO_PIC = NO;
				GCC_NO_COMMON_BLOCKS = YES;
				GCC_OPTIMIZATION_LEVEL = 0;
				GCC_PREPROCESSOR_DEFINITIONS = (
					"DEBUG=1",
					"$(inherited)",
				);
				GCC_WARN_64_TO_32_BIT_CONVERSION = YES;
				GCC_WARN_ABOUT_RETURN_TYPE = YES_ERROR;
				GCC_WARN_UNDECLARED_SELECTOR = YES;
				GCC_WARN_UNINITIALIZED_AUTOS = YES_AGGRESSIVE;
				GCC_WARN_UNUSED_FUNCTION = YES;
				GCC_WARN_UNUSED_VARIABLE = YES;
				IPHONEOS_DEPLOYMENT_TARGET = 17.0;
				LOCALIZATION_PREFERS_STRING_CATALOGS = YES;
				MTL_ENABLE_DEBUG_INFO = INCLUDE_SOURCE;
				MTL_FAST_MATH = YES;
				ONLY_ACTIVE_ARCH = YES;
				SDKROOT = iphoneos;
				SWIFT_ACTIVE_COMPILATION_CONDITIONS = "DEBUG $(inherited)";
				SWIFT_OPTIMIZATION_LEVEL = "-Onone";
			};
			name = Debug;
		};
		EE84F3182A7C7A24009E2F23 /* Release */ = {
			isa = XCBuildConfiguration;
			buildSettings = {
				ALWAYS_SEARCH_USER_PATHS = NO;
				ASSETCATALOG_COMPILER_GENERATE_SWIFT_ASSET_SYMBOL_EXTENSIONS = YES;
				CLANG_ANALYZER_NONNULL = YES;
				CLANG_ANALYZER_NUMBER_OBJECT_CONVERSION = YES_AGGRESSIVE;
				CLANG_CXX_LANGUAGE_STANDARD = "gnu++20";
				CLANG_ENABLE_MODULES = YES;
				CLANG_ENABLE_OBJC_ARC = YES;
				CLANG_ENABLE_OBJC_WEAK = YES;
				CLANG_WARN_BLOCK_CAPTURE_AUTORELEASING = YES;
				CLANG_WARN_BOOL_CONVERSION = YES;
				CLANG_WARN_COMMA = YES;
				CLANG_WARN_CONSTANT_CONVERSION = YES;
				CLANG_WARN_DEPRECATED_OBJC_IMPLEMENTATIONS = YES;
				CLANG_WARN_DIRECT_OBJC_ISA_USAGE = YES_ERROR;
				CLANG_WARN_DOCUMENTATION_COMMENTS = YES;
				CLANG_WARN_EMPTY_BODY = YES;
				CLANG_WARN_ENUM_CONVERSION = YES;
				CLANG_WARN_INFINITE_RECURSION = YES;
				CLANG_WARN_INT_CONVERSION = YES;
				CLANG_WARN_NON_LITERAL_NULL_CONVERSION = YES;
				CLANG_WARN_OBJC_IMPLICIT_RETAIN_SELF = YES;
				CLANG_WARN_OBJC_LITERAL_CONVERSION = YES;
				CLANG_WARN_OBJC_ROOT_CLASS = YES_ERROR;
				CLANG_WARN_QUOTED_INCLUDE_IN_FRAMEWORK_HEADER = YES;
				CLANG_WARN_RANGE_LOOP_ANALYSIS = YES;
				CLANG_WARN_STRICT_PROTOTYPES = YES;
				CLANG_WARN_SUSPICIOUS_MOVE = YES;
				CLANG_WARN_UNGUARDED_AVAILABILITY = YES_AGGRESSIVE;
				CLANG_WARN_UNREACHABLE_CODE = YES;
				CLANG_WARN__DUPLICATE_METHOD_MATCH = YES;
				COPY_PHASE_STRIP = NO;
				DEBUG_INFORMATION_FORMAT = "dwarf-with-dsym";
				ENABLE_NS_ASSERTIONS = NO;
				ENABLE_STRICT_OBJC_MSGSEND = YES;
				ENABLE_USER_SCRIPT_SANDBOXING = YES;
				GCC_C_LANGUAGE_STANDARD = gnu17;
				GCC_NO_COMMON_BLOCKS = YES;
				GCC_WARN_64_TO_32_BIT_CONVERSION = YES;
				GCC_WARN_ABOUT_RETURN_TYPE = YES_ERROR;
				GCC_WARN_UNDECLARED_SELECTOR = YES;
				GCC_WARN_UNINITIALIZED_AUTOS = YES_AGGRESSIVE;
				GCC_WARN_UNUSED_FUNCTION = YES;
				GCC_WARN_UNUSED_VARIABLE = YES;
				IPHONEOS_DEPLOYMENT_TARGET = 17.0;
				LOCALIZATION_PREFERS_STRING_CATALOGS = YES;
				MTL_ENABLE_DEBUG_INFO = NO;
				MTL_FAST_MATH = YES;
				SDKROOT = iphoneos;
				SWIFT_COMPILATION_MODE = wholemodule;
				VALIDATE_PRODUCT = YES;
			};
			name = Release;
		};
		EE84F31A2A7C7A24009E2F23 /* Debug */ = {
			isa = XCBuildConfiguration;
			buildSettings = {
				ASSETCATALOG_COMPILER_APPICON_NAME = AppIcon;
				ASSETCATALOG_COMPILER_GLOBAL_ACCENT_COLOR_NAME = AccentColor;
				CODE_SIGN_ENTITLEMENTS = beatclikr/beatclikr.entitlements;
				CODE_SIGN_STYLE = Automatic;
				CURRENT_PROJECT_VERSION = 1;
				DEVELOPMENT_ASSET_PATHS = "\"beatclikr/Preview Content\"";
				DEVELOPMENT_TEAM = 4C4LJCSB2Q;
				ENABLE_PREVIEWS = YES;
				GENERATE_INFOPLIST_FILE = YES;
				INFOPLIST_FILE = beatclikr/Info.plist;
				INFOPLIST_KEY_CFBundleDisplayName = BeatClikr;
				INFOPLIST_KEY_LSApplicationCategoryType = "public.app-category.entertainment";
				INFOPLIST_KEY_UIApplicationSceneManifest_Generation = YES;
				INFOPLIST_KEY_UIApplicationSupportsIndirectInputEvents = YES;
				INFOPLIST_KEY_UILaunchScreen_Generation = YES;
				INFOPLIST_KEY_UIRequiresFullScreen = NO;
				INFOPLIST_KEY_UISupportedInterfaceOrientations_iPad = "UIInterfaceOrientationPortrait UIInterfaceOrientationPortraitUpsideDown UIInterfaceOrientationLandscapeLeft UIInterfaceOrientationLandscapeRight";
				INFOPLIST_KEY_UISupportedInterfaceOrientations_iPhone = "UIInterfaceOrientationPortrait UIInterfaceOrientationLandscapeLeft UIInterfaceOrientationLandscapeRight";
				IPHONEOS_DEPLOYMENT_TARGET = 17.0;
				LD_RUNPATH_SEARCH_PATHS = (
					"$(inherited)",
					"@executable_path/Frameworks",
				);
				MARKETING_VERSION = 3.0;
				PRODUCT_BUNDLE_IDENTIFIER = com.bfunkstudios.beatclikr;
				PRODUCT_NAME = "$(TARGET_NAME)";
				SWIFT_EMIT_LOC_STRINGS = YES;
				SWIFT_VERSION = 5.0;
				TARGETED_DEVICE_FAMILY = "1,2";
			};
			name = Debug;
		};
		EE84F31B2A7C7A24009E2F23 /* Release */ = {
			isa = XCBuildConfiguration;
			buildSettings = {
				ASSETCATALOG_COMPILER_APPICON_NAME = AppIcon;
				ASSETCATALOG_COMPILER_GLOBAL_ACCENT_COLOR_NAME = AccentColor;
				CODE_SIGN_ENTITLEMENTS = beatclikr/beatclikr.entitlements;
				CODE_SIGN_STYLE = Automatic;
				CURRENT_PROJECT_VERSION = 1;
				DEVELOPMENT_ASSET_PATHS = "\"beatclikr/Preview Content\"";
				DEVELOPMENT_TEAM = 4C4LJCSB2Q;
				ENABLE_PREVIEWS = YES;
				GENERATE_INFOPLIST_FILE = YES;
				INFOPLIST_FILE = beatclikr/Info.plist;
				INFOPLIST_KEY_CFBundleDisplayName = BeatClikr;
				INFOPLIST_KEY_LSApplicationCategoryType = "public.app-category.entertainment";
				INFOPLIST_KEY_UIApplicationSceneManifest_Generation = YES;
				INFOPLIST_KEY_UIApplicationSupportsIndirectInputEvents = YES;
				INFOPLIST_KEY_UILaunchScreen_Generation = YES;
				INFOPLIST_KEY_UIRequiresFullScreen = NO;
				INFOPLIST_KEY_UISupportedInterfaceOrientations_iPad = "UIInterfaceOrientationPortrait UIInterfaceOrientationPortraitUpsideDown UIInterfaceOrientationLandscapeLeft UIInterfaceOrientationLandscapeRight";
				INFOPLIST_KEY_UISupportedInterfaceOrientations_iPhone = "UIInterfaceOrientationPortrait UIInterfaceOrientationLandscapeLeft UIInterfaceOrientationLandscapeRight";
				IPHONEOS_DEPLOYMENT_TARGET = 17.0;
				LD_RUNPATH_SEARCH_PATHS = (
					"$(inherited)",
					"@executable_path/Frameworks",
				);
				MARKETING_VERSION = 3.0;
				PRODUCT_BUNDLE_IDENTIFIER = com.bfunkstudios.beatclikr;
				PRODUCT_NAME = "$(TARGET_NAME)";
				SWIFT_EMIT_LOC_STRINGS = YES;
				SWIFT_VERSION = 5.0;
				TARGETED_DEVICE_FAMILY = "1,2";
			};
			name = Release;
		};
		EE84F31D2A7C7A24009E2F23 /* Debug */ = {
			isa = XCBuildConfiguration;
			buildSettings = {
				ALWAYS_EMBED_SWIFT_STANDARD_LIBRARIES = YES;
				BUNDLE_LOADER = "$(TEST_HOST)";
				CODE_SIGN_STYLE = Automatic;
				CURRENT_PROJECT_VERSION = 1;
				DEVELOPMENT_TEAM = 4C4LJCSB2Q;
				GENERATE_INFOPLIST_FILE = YES;
				IPHONEOS_DEPLOYMENT_TARGET = 17.0;
				MARKETING_VERSION = 1.0;
				PRODUCT_BUNDLE_IDENTIFIER = com.bfunkstudios.beatclikrTests;
				PRODUCT_NAME = "$(TARGET_NAME)";
				SWIFT_EMIT_LOC_STRINGS = NO;
				SWIFT_VERSION = 5.0;
				TARGETED_DEVICE_FAMILY = "1,2";
				TEST_HOST = "$(BUILT_PRODUCTS_DIR)/beatclikr.app/$(BUNDLE_EXECUTABLE_FOLDER_PATH)/beatclikr";
			};
			name = Debug;
		};
		EE84F31E2A7C7A24009E2F23 /* Release */ = {
			isa = XCBuildConfiguration;
			buildSettings = {
				ALWAYS_EMBED_SWIFT_STANDARD_LIBRARIES = YES;
				BUNDLE_LOADER = "$(TEST_HOST)";
				CODE_SIGN_STYLE = Automatic;
				CURRENT_PROJECT_VERSION = 1;
				DEVELOPMENT_TEAM = 4C4LJCSB2Q;
				GENERATE_INFOPLIST_FILE = YES;
				IPHONEOS_DEPLOYMENT_TARGET = 17.0;
				MARKETING_VERSION = 1.0;
				PRODUCT_BUNDLE_IDENTIFIER = com.bfunkstudios.beatclikrTests;
				PRODUCT_NAME = "$(TARGET_NAME)";
				SWIFT_EMIT_LOC_STRINGS = NO;
				SWIFT_VERSION = 5.0;
				TARGETED_DEVICE_FAMILY = "1,2";
				TEST_HOST = "$(BUILT_PRODUCTS_DIR)/beatclikr.app/$(BUNDLE_EXECUTABLE_FOLDER_PATH)/beatclikr";
			};
			name = Release;
		};
		EE84F3202A7C7A24009E2F23 /* Debug */ = {
			isa = XCBuildConfiguration;
			buildSettings = {
				ALWAYS_EMBED_SWIFT_STANDARD_LIBRARIES = YES;
				CODE_SIGN_STYLE = Automatic;
				CURRENT_PROJECT_VERSION = 1;
				DEVELOPMENT_TEAM = 4C4LJCSB2Q;
				GENERATE_INFOPLIST_FILE = YES;
				MARKETING_VERSION = 1.0;
				PRODUCT_BUNDLE_IDENTIFIER = com.bfunkstudios.beatclikrUITests;
				PRODUCT_NAME = "$(TARGET_NAME)";
				SWIFT_EMIT_LOC_STRINGS = NO;
				SWIFT_VERSION = 5.0;
				TARGETED_DEVICE_FAMILY = "1,2";
				TEST_TARGET_NAME = beatclikr;
			};
			name = Debug;
		};
		EE84F3212A7C7A24009E2F23 /* Release */ = {
			isa = XCBuildConfiguration;
			buildSettings = {
				ALWAYS_EMBED_SWIFT_STANDARD_LIBRARIES = YES;
				CODE_SIGN_STYLE = Automatic;
				CURRENT_PROJECT_VERSION = 1;
				DEVELOPMENT_TEAM = 4C4LJCSB2Q;
				GENERATE_INFOPLIST_FILE = YES;
				MARKETING_VERSION = 1.0;
				PRODUCT_BUNDLE_IDENTIFIER = com.bfunkstudios.beatclikrUITests;
				PRODUCT_NAME = "$(TARGET_NAME)";
				SWIFT_EMIT_LOC_STRINGS = NO;
				SWIFT_VERSION = 5.0;
				TARGETED_DEVICE_FAMILY = "1,2";
				TEST_TARGET_NAME = beatclikr;
			};
			name = Release;
		};
/* End XCBuildConfiguration section */

/* Begin XCConfigurationList section */
		EE84F2EC2A7C7A21009E2F23 /* Build configuration list for PBXProject "beatclikr" */ = {
			isa = XCConfigurationList;
			buildConfigurations = (
				EE84F3172A7C7A24009E2F23 /* Debug */,
				EE84F3182A7C7A24009E2F23 /* Release */,
			);
			defaultConfigurationIsVisible = 0;
			defaultConfigurationName = Release;
		};
		EE84F3192A7C7A24009E2F23 /* Build configuration list for PBXNativeTarget "beatclikr" */ = {
			isa = XCConfigurationList;
			buildConfigurations = (
				EE84F31A2A7C7A24009E2F23 /* Debug */,
				EE84F31B2A7C7A24009E2F23 /* Release */,
			);
			defaultConfigurationIsVisible = 0;
			defaultConfigurationName = Release;
		};
		EE84F31C2A7C7A24009E2F23 /* Build configuration list for PBXNativeTarget "beatclikrTests" */ = {
			isa = XCConfigurationList;
			buildConfigurations = (
				EE84F31D2A7C7A24009E2F23 /* Debug */,
				EE84F31E2A7C7A24009E2F23 /* Release */,
			);
			defaultConfigurationIsVisible = 0;
			defaultConfigurationName = Release;
		};
		EE84F31F2A7C7A24009E2F23 /* Build configuration list for PBXNativeTarget "beatclikrUITests" */ = {
			isa = XCConfigurationList;
			buildConfigurations = (
				EE84F3202A7C7A24009E2F23 /* Debug */,
				EE84F3212A7C7A24009E2F23 /* Release */,
			);
			defaultConfigurationIsVisible = 0;
			defaultConfigurationName = Release;
		};
/* End XCConfigurationList section */

/* Begin XCRemoteSwiftPackageReference section */
		EE207A3B2A89723F00D8E267 /* XCRemoteSwiftPackageReference "AudioKit" */ = {
			isa = XCRemoteSwiftPackageReference;
			repositoryURL = "https://github.com/AudioKit/AudioKit.git";
			requirement = {
				kind = upToNextMajorVersion;
				minimumVersion = 5.6.1;
			};
		};
/* End XCRemoteSwiftPackageReference section */

/* Begin XCSwiftPackageProductDependency section */
		EE207A3C2A89723F00D8E267 /* AudioKit */ = {
			isa = XCSwiftPackageProductDependency;
			package = EE207A3B2A89723F00D8E267 /* XCRemoteSwiftPackageReference "AudioKit" */;
			productName = AudioKit;
		};
/* End XCSwiftPackageProductDependency section */
	};
	rootObject = EE84F2E92A7C7A21009E2F23 /* Project object */;
}
